{
  "version": 4,
  "terraform_version": "1.1.8",
  "serial": 120,
  "lineage": "1fd6cb76-366e-c366-3717-56d1153780ed",
  "outputs": {
    "cluster_endpoint": {
      "value": "https://5A0CDC49B8C2C82D9062A632C43BCADE.yl4.us-east-1.eks.amazonaws.com",
      "type": "string"
    },
    "cluster_id": {
      "value": "eks-kubeginners",
      "type": "string"
    },
    "cluster_name": {
      "value": "eks-kubeginners",
      "type": "string"
    },
    "cluster_security_group_id": {
      "value": "sg-04e6817fa219c86b7",
      "type": "string"
    },
    "kubectl_config": {
      "value": "apiVersion: v1\npreferences: {}\nkind: Config\n\nclusters:\n- cluster:\n    server: https://5A0CDC49B8C2C82D9062A632C43BCADE.yl4.us-east-1.eks.amazonaws.com\n    certificate-authority-data: LS0tLS1CRUdJTiBDRVJUSUZJQ0FURS0tLS0tCk1JSUM1ekNDQWMrZ0F3SUJBZ0lCQURBTkJna3Foa2lHOXcwQkFRc0ZBREFWTVJNd0VRWURWUVFERXdwcmRXSmwKY201bGRHVnpNQjRYRFRJeU1EUXlPREE1TWprek1sb1hEVE15TURReU5UQTVNamt6TWxvd0ZURVRNQkVHQTFVRQpBeE1LYTNWaVpYSnVaWFJsY3pDQ0FTSXdEUVlKS29aSWh2Y05BUUVCQlFBRGdnRVBBRENDQVFvQ2dnRUJBTXB0ClRKRG5TTkZUMXdndHJBOEh2eEYvNVpsanpOL0tiZnhUMmtLcXRBMmtadWxOa3pscGhrdE5CWUxXRUIwVllkSm4KQ2hTQXh4MDBEeTRsOTA2Rnh6TlQyVWN0OE1VWTNVZlcvb1A5STFlelN3WWJGbWpiWGtCa29GZUhzSnRkbE1TdgpEalAvK0l2T1RLVWs1R2hVMlJMdmdkazU2V1hIaTQ1S28rdnQ4enlIWi9lbnVKSTM3WDloa0ZGLzNROEM1TW1DCkhkMjJycVdadC9XZllmcEFvM0xraTAwZFpGaWE4cFJhMDNNN1RwZVBCdlV0VElpcVdZWUF5Q1h0Q2pUWm9qbjEKd0Q0Q296cEpZTyt0TjRYamVkd2JXWHdXcUI0SG5vMHluT2ZuWXJZQkxpZEZNOVNLRktLVE92V2liT2RReE9HYgo5Y1Exc2hZT3l1N0ZOSlJqQi9zQ0F3RUFBYU5DTUVBd0RnWURWUjBQQVFIL0JBUURBZ0trTUE4R0ExVWRFd0VCCi93UUZNQU1CQWY4d0hRWURWUjBPQkJZRUZCaUxLR0dCdGtwTHF5QzZNYTBsbXMvcytEZWNNQTBHQ1NxR1NJYjMKRFFFQkN3VUFBNElCQVFDaEtyaXU3OUllOE8vLytMdjYzNktNdUl1S3B3UGlaeTkvWkl0anNNR2tVRmdXeThuSgp2M0RZYzZOMklURENpVXIvOXpMNWpHZEpsSSs4RzFyZ295YWYyTUw0MWpja3VxM2xNNnY3SkRWU3FyUEpsb1U3CldBWTZ5OFRZREpGbkJrT1VBWGxZME5XeS9YVjR1VUNzRTNaTURXbGcxTThudW9kWjNnM1l1RUVaN0RiRGVGU3oKVitKc1l0ZVk1cVlxS0d5TWxKSlNvbG8wZGpqNExqM3YyVlBBMWhRbWRwbXNabWxwU1pxSklacXE1UlhyblFUWApOYytDMkEzaDlqam04VVQwU2hna24vOXNtelkvdWVzRTN6eGlSRmgxZFJlV0R6SkdQS1o0UE5iUFhQNGl6dk00Ckh1amticENYamU2bUtLTzdLeTJORG81dmkzOWkwSCtzK2cxcAotLS0tLUVORCBDRVJUSUZJQ0FURS0tLS0tCg==\n  name: eks_eks-kubeginners\n\ncontexts:\n- context:\n    cluster: eks_eks-kubeginners\n    user: eks_eks-kubeginners\n  name: eks_eks-kubeginners\n\ncurrent-context: eks_eks-kubeginners\n\nusers:\n- name: eks_eks-kubeginners\n  user:\n    exec:\n      apiVersion: client.authentication.k8s.io/v1alpha1\n      command: aws-iam-authenticator\n      args:\n        - \"token\"\n        - \"-i\"\n        - \"eks-kubeginners\"\n",
      "type": "string"
    }
  },
  "resources": [
    {
      "mode": "data",
      "type": "aws_eks_cluster",
      "name": "kubeginners_cluster",
      "provider": "provider[\"registry.terraform.io/hashicorp/aws\"]",
      "instances": [
        {
          "schema_version": 0,
          "attributes": {
            "arn": "arn:aws:eks:us-east-1:966185979698:cluster/eks-kubeginners",
            "certificate_authority": [
              {
                "data": "LS0tLS1CRUdJTiBDRVJUSUZJQ0FURS0tLS0tCk1JSUM1ekNDQWMrZ0F3SUJBZ0lCQURBTkJna3Foa2lHOXcwQkFRc0ZBREFWTVJNd0VRWURWUVFERXdwcmRXSmwKY201bGRHVnpNQjRYRFRJeU1EUXlPREE1TWprek1sb1hEVE15TURReU5UQTVNamt6TWxvd0ZURVRNQkVHQTFVRQpBeE1LYTNWaVpYSnVaWFJsY3pDQ0FTSXdEUVlKS29aSWh2Y05BUUVCQlFBRGdnRVBBRENDQVFvQ2dnRUJBTXB0ClRKRG5TTkZUMXdndHJBOEh2eEYvNVpsanpOL0tiZnhUMmtLcXRBMmtadWxOa3pscGhrdE5CWUxXRUIwVllkSm4KQ2hTQXh4MDBEeTRsOTA2Rnh6TlQyVWN0OE1VWTNVZlcvb1A5STFlelN3WWJGbWpiWGtCa29GZUhzSnRkbE1TdgpEalAvK0l2T1RLVWs1R2hVMlJMdmdkazU2V1hIaTQ1S28rdnQ4enlIWi9lbnVKSTM3WDloa0ZGLzNROEM1TW1DCkhkMjJycVdadC9XZllmcEFvM0xraTAwZFpGaWE4cFJhMDNNN1RwZVBCdlV0VElpcVdZWUF5Q1h0Q2pUWm9qbjEKd0Q0Q296cEpZTyt0TjRYamVkd2JXWHdXcUI0SG5vMHluT2ZuWXJZQkxpZEZNOVNLRktLVE92V2liT2RReE9HYgo5Y1Exc2hZT3l1N0ZOSlJqQi9zQ0F3RUFBYU5DTUVBd0RnWURWUjBQQVFIL0JBUURBZ0trTUE4R0ExVWRFd0VCCi93UUZNQU1CQWY4d0hRWURWUjBPQkJZRUZCaUxLR0dCdGtwTHF5QzZNYTBsbXMvcytEZWNNQTBHQ1NxR1NJYjMKRFFFQkN3VUFBNElCQVFDaEtyaXU3OUllOE8vLytMdjYzNktNdUl1S3B3UGlaeTkvWkl0anNNR2tVRmdXeThuSgp2M0RZYzZOMklURENpVXIvOXpMNWpHZEpsSSs4RzFyZ295YWYyTUw0MWpja3VxM2xNNnY3SkRWU3FyUEpsb1U3CldBWTZ5OFRZREpGbkJrT1VBWGxZME5XeS9YVjR1VUNzRTNaTURXbGcxTThudW9kWjNnM1l1RUVaN0RiRGVGU3oKVitKc1l0ZVk1cVlxS0d5TWxKSlNvbG8wZGpqNExqM3YyVlBBMWhRbWRwbXNabWxwU1pxSklacXE1UlhyblFUWApOYytDMkEzaDlqam04VVQwU2hna24vOXNtelkvdWVzRTN6eGlSRmgxZFJlV0R6SkdQS1o0UE5iUFhQNGl6dk00Ckh1amticENYamU2bUtLTzdLeTJORG81dmkzOWkwSCtzK2cxcAotLS0tLUVORCBDRVJUSUZJQ0FURS0tLS0tCg=="
              }
            ],
            "created_at": "2022-04-28 09:23:11.894 +0000 UTC",
            "enabled_cluster_log_types": [],
            "endpoint": "https://5A0CDC49B8C2C82D9062A632C43BCADE.yl4.us-east-1.eks.amazonaws.com",
            "id": "eks-kubeginners",
            "identity": [
              {
                "oidc": [
                  {
                    "issuer": "https://oidc.eks.us-east-1.amazonaws.com/id/5A0CDC49B8C2C82D9062A632C43BCADE"
                  }
                ]
              }
            ],
            "kubernetes_network_config": [
              {
                "ip_family": "ipv4",
                "service_ipv4_cidr": "10.100.0.0/16"
              }
            ],
            "name": "eks-kubeginners",
            "platform_version": "eks.5",
            "role_arn": "arn:aws:iam::966185979698:role/eks-kubeginners20220428092302876400000003",
            "status": "ACTIVE",
            "tags": {
              "Name": "kubeginners-cluster"
            },
            "version": "1.20",
            "vpc_config": [
              {
                "cluster_security_group_id": "sg-016aee861c6cd8082",
                "endpoint_private_access": false,
                "endpoint_public_access": true,
                "public_access_cidrs": [
                  "0.0.0.0/0"
                ],
                "security_group_ids": [
                  "sg-04e6817fa219c86b7"
                ],
                "subnet_ids": [
                  "subnet-01ea5fece26b182d7",
                  "subnet-039d7bd1c43f973cc"
                ],
                "vpc_id": "vpc-0f82992e109fea8f9"
              }
            ]
          },
          "sensitive_attributes": []
        }
      ]
    },
    {
      "mode": "data",
      "type": "aws_eks_cluster_auth",
      "name": "kubeginners_cluster_auth",
      "provider": "provider[\"registry.terraform.io/hashicorp/aws\"]",
      "instances": [
        {
          "schema_version": 0,
          "attributes": {
            "id": "eks-kubeginners",
            "name": "eks-kubeginners",
            "token": "k8s-aws-v1.aHR0cHM6Ly9zdHMuYW1hem9uYXdzLmNvbS8_QWN0aW9uPUdldENhbGxlcklkZW50aXR5JlZlcnNpb249MjAxMS0wNi0xNSZYLUFtei1BbGdvcml0aG09QVdTNC1ITUFDLVNIQTI1NiZYLUFtei1DcmVkZW50aWFsPUFTSUE2QjVKTUI0WkZVS0w2Q0pCJTJGMjAyMjA0MjglMkZ1cy1lYXN0LTElMkZzdHMlMkZhd3M0X3JlcXVlc3QmWC1BbXotRGF0ZT0yMDIyMDQyOFQwOTMzMTdaJlgtQW16LUV4cGlyZXM9MCZYLUFtei1TZWN1cml0eS1Ub2tlbj1JUW9KYjNKcFoybHVYMlZqRUJrYURHVjFMV05sYm5SeVlXd3RNU0pITUVVQ0lCTGdsN1ZoYU1MNW5jU25nNkx3d3hyYjREMnRKblJUZjF1Y1FQWW9mRmNPQWlFQTJHJTJGbGxwdHZPWVhHdzRJV1RpenVPOWdvNGh1YlVDN2IycW5sUlZPUXg4TXFwQU1JMHYlMkYlMkYlMkYlMkYlMkYlMkYlMkYlMkYlMkYlMkZBUkFBR2d3NU5qWXhPRFU1TnprMk9UZ2lETnhTV1pmciUyQlNoRXJPWTd3U3I0QXVKazZrZzNWaXdLa25DbTJoQTJ2cDZPUUx0U0VDelMwWWpPcXB6dktwUmVHMGhNTUg0Tzd2b09saVJLVHhpNmNOJTJCTzl0Y2czQVlmMWN6MXJYWlBQdHdLUkpmTGpCalhGbkJQd3p4VE8zTE14T3B2QjFUUjZSWXI0bVdycTJ4aFdWMkdKcGNQaWNEOWp6N3Rza1RxJTJGNmhYd1lCSEE3WFhTRkw1cTJoOWpzU2cxZFAzV1Z2ZE9PeU5zMXE2TmhDT1NxTTNQWk9XbXpKWHd0bkJwZEFaTW01aHdjVWt0MHB3MWlpWElONE9mdjdUT1RaTENzZTFOdzRLJTJGS1BGJTJCdkw2JTJCTEszNjFnS0xYc0htS2xRVlFwMTglMkYzUGhmdlBwek91VmRiJTJCN0hPdG1lcW1Ha2toUmQ5JTJCcjRUS0FUNVU0VklxNyUyQkVjeFVMNlloZlNwclI4Wk5JSERrbFBuNDlnODlpVGdaeSUyRkIxWjBZR08lMkJ4U0x6QUxFSjlNSSUyQmpaOHRueFM1RWd3b0ZjcTczYWM0NyUyQkJJR051TTF6djBSWEdVWFI1Y2h6bnpLWUVtNnI4NWtXNCUyRlZjSTlNWUkwR0VmU3h0ajdxSUFCVmJKWm96dEt2MlZRb05OMzd1SnltT2VjRSUyQiUyRmJJclZqZHV4bDU5b1VpWkklMkZibHl6ZWRRdzI2T3Brd1k2cGdFMG9SUWpNc25zRiUyRmZ3WVFnN1lmYnRmelM5dUJZcCUyRkN1Ykg2clNLV3g2dEdZa2lIOGhCSWMxUHN5NnVwUWd4TVE5RHo3TzdESkd5blV1a2tVR3c3OVlGRHYweXpnVGtlUUFpM21jdDRWdHIlMkY5Q0xUTCUyQkZYbm4zcVY4Y1V4YWpGOUVERmJaOEhKZ3F6V2RGQndqWHFZeGhNU0x0bUdzOHBIU2FWMXR3d3ZPb1hUMTFYdk9lVW1zJTJGOWdXSnFHZGxaNGhYTE8wYUxXcTdlZzZyc3hEZGx1Q2tOaDhtMXd0JlgtQW16LVNpZ25lZEhlYWRlcnM9aG9zdCUzQngtazhzLWF3cy1pZCZYLUFtei1TaWduYXR1cmU9NjQ0Y2I0ZTNjYmQ4Njc2ZTBiYzViYmI3NzY1ZTEwOTkwZDk2MGExNGFmNmEyNzUxYzQwNGU0ODNlODU0ZTQ2YQ"
          },
          "sensitive_attributes": []
        }
      ]
    },
    {
      "mode": "data",
      "type": "aws_subnet_ids",
      "name": "subnets",
      "provider": "provider[\"registry.terraform.io/hashicorp/aws\"]",
      "instances": [
        {
          "schema_version": 0,
          "attributes": {
            "filter": null,
            "id": "vpc-0f82992e109fea8f9",
            "ids": [
              "subnet-01ea5fece26b182d7",
              "subnet-039d7bd1c43f973cc",
              "subnet-0639992b937e38085",
              "subnet-071b84ac0d96c7bc7",
              "subnet-0b1c442024c095ec9",
              "subnet-0f3d2fd41ea041c55"
            ],
            "tags": null,
            "vpc_id": "vpc-0f82992e109fea8f9"
          },
          "sensitive_attributes": []
        }
      ]
    },
    {
      "mode": "managed",
      "type": "aws_security_group",
      "name": "all_worker_mgmt",
      "provider": "provider[\"registry.terraform.io/hashicorp/aws\"]",
      "instances": [
        {
          "schema_version": 1,
          "attributes": {
            "arn": "arn:aws:ec2:us-east-1:966185979698:security-group/sg-0c4c24060bb7ecaeb",
            "description": "Managed by Terraform",
            "egress": [],
            "id": "sg-0c4c24060bb7ecaeb",
            "ingress": [
              {
                "cidr_blocks": [
                  "0.0.0.0/0"
                ],
                "description": "",
                "from_port": 80,
                "ipv6_cidr_blocks": [],
                "prefix_list_ids": [],
                "protocol": "tcp",
                "security_groups": [],
                "self": false,
                "to_port": 80
              }
            ],
            "name": "all_worker_management20220428092302877000000006",
            "name_prefix": "all_worker_management",
            "owner_id": "966185979698",
            "revoke_rules_on_delete": false,
            "tags": null,
            "tags_all": {},
            "timeouts": null,
            "vpc_id": "vpc-0f82992e109fea8f9"
          },
          "sensitive_attributes": [],
          "private": "eyJlMmJmYjczMC1lY2FhLTExZTYtOGY4OC0zNDM2M2JjN2M0YzAiOnsiY3JlYXRlIjo2MDAwMDAwMDAwMDAsImRlbGV0ZSI6OTAwMDAwMDAwMDAwfSwic2NoZW1hX3ZlcnNpb24iOiIxIn0="
        }
      ]
    },
    {
      "mode": "managed",
      "type": "aws_security_group",
      "name": "kubeginners_worker_group_one_sg",
      "provider": "provider[\"registry.terraform.io/hashicorp/aws\"]",
      "instances": [
        {
          "schema_version": 1,
          "attributes": {
            "arn": "arn:aws:ec2:us-east-1:966185979698:security-group/sg-03d5d1f6f0c751d11",
            "description": "Managed by Terraform",
            "egress": [],
            "id": "sg-03d5d1f6f0c751d11",
            "ingress": [
              {
                "cidr_blocks": [
                  "0.0.0.0/0"
                ],
                "description": "",
                "from_port": 22,
                "ipv6_cidr_blocks": [],
                "prefix_list_ids": [],
                "protocol": "tcp",
                "security_groups": [],
                "self": false,
                "to_port": 22
              },
              {
                "cidr_blocks": [
                  "10.100.108.189/32"
                ],
                "description": "",
                "from_port": 80,
                "ipv6_cidr_blocks": [],
                "prefix_list_ids": [],
                "protocol": "tcp",
                "security_groups": [],
                "self": false,
                "to_port": 80
              }
            ],
            "name": "worker_group_mgmt_one20220428092302878400000007",
            "name_prefix": "worker_group_mgmt_one",
            "owner_id": "966185979698",
            "revoke_rules_on_delete": false,
            "tags": null,
            "tags_all": {},
            "timeouts": null,
            "vpc_id": "vpc-0f82992e109fea8f9"
          },
          "sensitive_attributes": [],
          "private": "eyJlMmJmYjczMC1lY2FhLTExZTYtOGY4OC0zNDM2M2JjN2M0YzAiOnsiY3JlYXRlIjo2MDAwMDAwMDAwMDAsImRlbGV0ZSI6OTAwMDAwMDAwMDAwfSwic2NoZW1hX3ZlcnNpb24iOiIxIn0=",
          "create_before_destroy": true
        }
      ]
    },
    {
      "module": "module.eks",
      "mode": "data",
      "type": "aws_ami",
      "name": "eks_worker",
      "provider": "provider[\"registry.terraform.io/hashicorp/aws\"]",
      "instances": [
        {
          "index_key": 0,
          "schema_version": 0,
          "attributes": {
            "architecture": "x86_64",
            "arn": "arn:aws:ec2:us-east-1::image/ami-01a09362cdb8f50b3",
            "block_device_mappings": [
              {
                "device_name": "/dev/xvda",
                "ebs": {
                  "delete_on_termination": "true",
                  "encrypted": "false",
                  "iops": "0",
                  "snapshot_id": "snap-04a2a0457edb397fc",
                  "throughput": "0",
                  "volume_size": "20",
                  "volume_type": "gp2"
                },
                "no_device": "",
                "virtual_name": ""
              }
            ],
            "boot_mode": "",
            "creation_date": "2022-04-22T17:43:41.000Z",
            "description": "EKS Kubernetes Worker AMI with AmazonLinux2 image, (k8s: 1.20.11, docker: 20.10.13-2.amzn2, containerd: 1.4.13-2.amzn2.0.1)",
            "ena_support": true,
            "executable_users": null,
            "filter": [
              {
                "name": "name",
                "values": [
                  "amazon-eks-node-1.20-v*"
                ]
              }
            ],
            "hypervisor": "xen",
            "id": "ami-01a09362cdb8f50b3",
            "image_id": "ami-01a09362cdb8f50b3",
            "image_location": "amazon/amazon-eks-node-1.20-v20220421",
            "image_owner_alias": "amazon",
            "image_type": "machine",
            "kernel_id": null,
            "most_recent": true,
            "name": "amazon-eks-node-1.20-v20220421",
            "name_regex": null,
            "owner_id": "602401143452",
            "owners": [
              "amazon"
            ],
            "platform": null,
            "platform_details": "Linux/UNIX",
            "product_codes": [],
            "public": true,
            "ramdisk_id": null,
            "root_device_name": "/dev/xvda",
            "root_device_type": "ebs",
            "root_snapshot_id": "snap-04a2a0457edb397fc",
            "sriov_net_support": "simple",
            "state": "available",
            "state_reason": {
              "code": "UNSET",
              "message": "UNSET"
            },
            "tags": {},
            "usage_operation": "RunInstances",
            "virtualization_type": "hvm"
          },
          "sensitive_attributes": []
        }
      ]
    },
    {
      "module": "module.eks",
      "mode": "data",
      "type": "aws_caller_identity",
      "name": "current",
      "provider": "provider[\"registry.terraform.io/hashicorp/aws\"]",
      "instances": [
        {
          "schema_version": 0,
          "attributes": {
            "account_id": "966185979698",
            "arn": "arn:aws:sts::966185979698:assumed-role/AWSReservedSSO_Admin-Account-Access_88ff45129cf2c9f4/sandra.r@thoughtworks.com",
            "id": "966185979698",
            "user_id": "AROA6B5JMB4ZNMQV64Q6T:sandra.r@thoughtworks.com"
          },
          "sensitive_attributes": []
        }
      ]
    },
    {
      "module": "module.eks",
      "mode": "data",
      "type": "aws_iam_policy_document",
      "name": "cluster_assume_role_policy",
      "provider": "provider[\"registry.terraform.io/hashicorp/aws\"]",
      "instances": [
        {
          "schema_version": 0,
          "attributes": {
            "id": "2764486067",
            "json": "{\n  \"Version\": \"2012-10-17\",\n  \"Statement\": [\n    {\n      \"Sid\": \"EKSClusterAssumeRole\",\n      \"Effect\": \"Allow\",\n      \"Action\": \"sts:AssumeRole\",\n      \"Principal\": {\n        \"Service\": \"eks.amazonaws.com\"\n      }\n    }\n  ]\n}",
            "override_json": null,
            "override_policy_documents": null,
            "policy_id": null,
            "source_json": null,
            "source_policy_documents": null,
            "statement": [
              {
                "actions": [
                  "sts:AssumeRole"
                ],
                "condition": [],
                "effect": "Allow",
                "not_actions": [],
                "not_principals": [],
                "not_resources": [],
                "principals": [
                  {
                    "identifiers": [
                      "eks.amazonaws.com"
                    ],
                    "type": "Service"
                  }
                ],
                "resources": [],
                "sid": "EKSClusterAssumeRole"
              }
            ],
            "version": "2012-10-17"
          },
          "sensitive_attributes": []
        }
      ]
    },
    {
      "module": "module.eks",
      "mode": "data",
      "type": "aws_iam_policy_document",
      "name": "cluster_deny_log_group",
      "provider": "provider[\"registry.terraform.io/hashicorp/aws\"]",
      "instances": [
        {
          "index_key": 0,
          "schema_version": 0,
          "attributes": {
            "id": "2675893060",
            "json": "{\n  \"Version\": \"2012-10-17\",\n  \"Statement\": [\n    {\n      \"Sid\": \"\",\n      \"Effect\": \"Deny\",\n      \"Action\": \"logs:CreateLogGroup\",\n      \"Resource\": \"*\"\n    }\n  ]\n}",
            "override_json": null,
            "override_policy_documents": null,
            "policy_id": null,
            "source_json": null,
            "source_policy_documents": null,
            "statement": [
              {
                "actions": [
                  "logs:CreateLogGroup"
                ],
                "condition": [],
                "effect": "Deny",
                "not_actions": [],
                "not_principals": [],
                "not_resources": [],
                "principals": [],
                "resources": [
                  "*"
                ],
                "sid": ""
              }
            ],
            "version": "2012-10-17"
          },
          "sensitive_attributes": []
        }
      ]
    },
    {
      "module": "module.eks",
      "mode": "data",
      "type": "aws_iam_policy_document",
      "name": "cluster_elb_sl_role_creation",
      "provider": "provider[\"registry.terraform.io/hashicorp/aws\"]",
      "instances": [
        {
          "index_key": 0,
          "schema_version": 0,
          "attributes": {
            "id": "3709839417",
            "json": "{\n  \"Version\": \"2012-10-17\",\n  \"Statement\": [\n    {\n      \"Sid\": \"\",\n      \"Effect\": \"Allow\",\n      \"Action\": [\n        \"ec2:DescribeInternetGateways\",\n        \"ec2:DescribeAddresses\",\n        \"ec2:DescribeAccountAttributes\"\n      ],\n      \"Resource\": \"*\"\n    }\n  ]\n}",
            "override_json": null,
            "override_policy_documents": null,
            "policy_id": null,
            "source_json": null,
            "source_policy_documents": null,
            "statement": [
              {
                "actions": [
                  "ec2:DescribeAccountAttributes",
                  "ec2:DescribeAddresses",
                  "ec2:DescribeInternetGateways"
                ],
                "condition": [],
                "effect": "Allow",
                "not_actions": [],
                "not_principals": [],
                "not_resources": [],
                "principals": [],
                "resources": [
                  "*"
                ],
                "sid": ""
              }
            ],
            "version": "2012-10-17"
          },
          "sensitive_attributes": []
        }
      ]
    },
    {
      "module": "module.eks",
      "mode": "data",
      "type": "aws_iam_policy_document",
      "name": "workers_assume_role_policy",
      "provider": "provider[\"registry.terraform.io/hashicorp/aws\"]",
      "instances": [
        {
          "schema_version": 0,
          "attributes": {
            "id": "3778018924",
            "json": "{\n  \"Version\": \"2012-10-17\",\n  \"Statement\": [\n    {\n      \"Sid\": \"EKSWorkerAssumeRole\",\n      \"Effect\": \"Allow\",\n      \"Action\": \"sts:AssumeRole\",\n      \"Principal\": {\n        \"Service\": \"ec2.amazonaws.com\"\n      }\n    }\n  ]\n}",
            "override_json": null,
            "override_policy_documents": null,
            "policy_id": null,
            "source_json": null,
            "source_policy_documents": null,
            "statement": [
              {
                "actions": [
                  "sts:AssumeRole"
                ],
                "condition": [],
                "effect": "Allow",
                "not_actions": [],
                "not_principals": [],
                "not_resources": [],
                "principals": [
                  {
                    "identifiers": [
                      "ec2.amazonaws.com"
                    ],
                    "type": "Service"
                  }
                ],
                "resources": [],
                "sid": "EKSWorkerAssumeRole"
              }
            ],
            "version": "2012-10-17"
          },
          "sensitive_attributes": []
        }
      ]
    },
    {
      "module": "module.eks",
      "mode": "data",
      "type": "aws_partition",
      "name": "current",
      "provider": "provider[\"registry.terraform.io/hashicorp/aws\"]",
      "instances": [
        {
          "schema_version": 0,
          "attributes": {
            "dns_suffix": "amazonaws.com",
            "id": "aws",
            "partition": "aws",
            "reverse_dns_prefix": "com.amazonaws"
          },
          "sensitive_attributes": []
        }
      ]
    },
    {
      "module": "module.eks",
      "mode": "data",
      "type": "http",
      "name": "wait_for_cluster",
      "provider": "provider[\"registry.terraform.io/terraform-aws-modules/http\"]",
      "instances": [
        {
          "index_key": 0,
          "schema_version": 0,
          "attributes": {
            "body": "ok",
            "ca_certificate": "-----BEGIN CERTIFICATE-----\nMIIC5zCCAc+gAwIBAgIBADANBgkqhkiG9w0BAQsFADAVMRMwEQYDVQQDEwprdWJl\ncm5ldGVzMB4XDTIyMDQyODA5MjkzMloXDTMyMDQyNTA5MjkzMlowFTETMBEGA1UE\nAxMKa3ViZXJuZXRlczCCASIwDQYJKoZIhvcNAQEBBQADggEPADCCAQoCggEBAMpt\nTJDnSNFT1wgtrA8HvxF/5ZljzN/KbfxT2kKqtA2kZulNkzlphktNBYLWEB0VYdJn\nChSAxx00Dy4l906FxzNT2Uct8MUY3UfW/oP9I1ezSwYbFmjbXkBkoFeHsJtdlMSv\nDjP/+IvOTKUk5GhU2RLvgdk56WXHi45Ko+vt8zyHZ/enuJI37X9hkFF/3Q8C5MmC\nHd22rqWZt/WfYfpAo3Lki00dZFia8pRa03M7TpePBvUtTIiqWYYAyCXtCjTZojn1\nwD4CozpJYO+tN4XjedwbWXwWqB4Hno0ynOfnYrYBLidFM9SKFKKTOvWibOdQxOGb\n9cQ1shYOyu7FNJRjB/sCAwEAAaNCMEAwDgYDVR0PAQH/BAQDAgKkMA8GA1UdEwEB\n/wQFMAMBAf8wHQYDVR0OBBYEFBiLKGGBtkpLqyC6Ma0lms/s+DecMA0GCSqGSIb3\nDQEBCwUAA4IBAQChKriu79Ie8O//+Lv636KMuIuKpwPiZy9/ZItjsMGkUFgWy8nJ\nv3DYc6N2ITDCiUr/9zL5jGdJlI+8G1rgoyaf2ML41jckuq3lM6v7JDVSqrPJloU7\nWAY6y8TYDJFnBkOUAXlY0NWy/XV4uUCsE3ZMDWlg1M8nuodZ3g3YuEEZ7DbDeFSz\nV+JsYteY5qYqKGyMlJJSolo0djj4Lj3v2VPA1hQmdpmsZmlpSZqJIZqq5RXrnQTX\nNc+C2A3h9jjm8UT0Shgkn/9smzY/uesE3zxiRFh1dReWDzJGPKZ4PNbPXP4izvM4\nHujkbpCXje6mKKO7Ky2NDo5vi39i0H+s+g1p\n-----END CERTIFICATE-----\n",
            "id": "https://5A0CDC49B8C2C82D9062A632C43BCADE.yl4.us-east-1.eks.amazonaws.com/healthz",
            "insecure": false,
            "request_headers": null,
            "response_headers": {
              "Cache-Control": "no-cache, private",
              "Content-Length": "2",
              "Content-Type": "text/plain; charset=utf-8",
              "Date": "Thu, 28 Apr 2022 09:33:17 GMT",
              "X-Content-Type-Options": "nosniff",
              "X-Kubernetes-Pf-Flowschema-Uid": "1d44c16c-387b-4b41-891d-7eca8c1fe3d6",
              "X-Kubernetes-Pf-Prioritylevel-Uid": "cdf14ca0-e582-4ecf-b39e-254e5f7f5cf2"
            },
            "timeout": 300,
            "url": "https://5A0CDC49B8C2C82D9062A632C43BCADE.yl4.us-east-1.eks.amazonaws.com/healthz"
          },
          "sensitive_attributes": []
        }
      ]
    },
    {
      "module": "module.eks",
      "mode": "managed",
      "type": "aws_autoscaling_group",
      "name": "workers",
      "provider": "provider[\"registry.terraform.io/hashicorp/aws\"]",
      "instances": [
        {
          "index_key": 0,
          "schema_version": 0,
          "attributes": {
            "arn": "arn:aws:autoscaling:us-east-1:966185979698:autoScalingGroup:ab68332a-27bb-444c-a1bb-25370a60a925:autoScalingGroupName/eks-kubeginners-worker-group-120220428093326725200000013",
            "availability_zones": [
              "us-east-1c",
              "us-east-1f"
            ],
            "capacity_rebalance": false,
            "default_cooldown": 300,
            "desired_capacity": 2,
            "enabled_metrics": null,
            "force_delete": false,
            "force_delete_warm_pool": false,
            "health_check_grace_period": 300,
            "health_check_type": "EC2",
            "id": "eks-kubeginners-worker-group-120220428093326725200000013",
            "initial_lifecycle_hook": [],
            "instance_refresh": [],
            "launch_configuration": "eks-kubeginners-worker-group-120220428093320034000000012",
            "launch_template": [],
            "load_balancers": null,
            "max_instance_lifetime": 0,
            "max_size": 3,
            "metrics_granularity": "1Minute",
            "min_elb_capacity": null,
            "min_size": 1,
            "mixed_instances_policy": [],
            "name": "eks-kubeginners-worker-group-120220428093326725200000013",
            "name_prefix": "eks-kubeginners-worker-group-1",
            "placement_group": "",
            "protect_from_scale_in": false,
            "service_linked_role_arn": "arn:aws:iam::966185979698:role/aws-service-role/autoscaling.amazonaws.com/AWSServiceRoleForAutoScaling",
            "suspended_processes": [
              "AZRebalance"
            ],
            "tag": [
              {
                "key": "Name",
                "propagate_at_launch": true,
                "value": "eks-kubeginners-worker-group-1-eks_asg"
              },
              {
                "key": "k8s.io/cluster/eks-kubeginners",
                "propagate_at_launch": true,
                "value": "owned"
              },
              {
                "key": "kubernetes.io/cluster/eks-kubeginners",
                "propagate_at_launch": true,
                "value": "owned"
              }
            ],
            "tags": null,
            "target_group_arns": null,
            "termination_policies": [],
            "timeouts": null,
            "vpc_zone_identifier": [
              "subnet-01ea5fece26b182d7",
              "subnet-039d7bd1c43f973cc"
            ],
            "wait_for_capacity_timeout": "10m",
            "wait_for_elb_capacity": null,
            "warm_pool": []
          },
          "sensitive_attributes": [],
          "private": "eyJlMmJmYjczMC1lY2FhLTExZTYtOGY4OC0zNDM2M2JjN2M0YzAiOnsiZGVsZXRlIjo2MDAwMDAwMDAwMDB9fQ==",
          "dependencies": [
            "aws_security_group.kubeginners_worker_group_one_sg",
            "data.aws_subnet_ids.subnets",
            "module.eks.aws_cloudwatch_log_group.this",
            "module.eks.aws_eks_cluster.this",
            "module.eks.aws_iam_instance_profile.workers",
            "module.eks.aws_iam_role.cluster",
            "module.eks.aws_iam_role.workers",
            "module.eks.aws_iam_role_policy_attachment.cluster_AmazonEKSClusterPolicy",
            "module.eks.aws_iam_role_policy_attachment.cluster_AmazonEKSServicePolicy",
            "module.eks.aws_iam_role_policy_attachment.cluster_AmazonEKSVPCResourceControllerPolicy",
            "module.eks.aws_iam_role_policy_attachment.workers_AmazonEC2ContainerRegistryReadOnly",
            "module.eks.aws_iam_role_policy_attachment.workers_AmazonEKSWorkerNodePolicy",
            "module.eks.aws_iam_role_policy_attachment.workers_AmazonEKS_CNI_Policy",
            "module.eks.aws_iam_role_policy_attachment.workers_additional_policies",
            "module.eks.aws_launch_configuration.workers",
            "module.eks.aws_security_group.cluster",
            "module.eks.aws_security_group.workers",
            "module.eks.aws_security_group_rule.cluster_egress_internet",
            "module.eks.aws_security_group_rule.cluster_https_worker_ingress",
            "module.eks.aws_security_group_rule.cluster_primary_ingress_workers",
            "module.eks.aws_security_group_rule.workers_egress_internet",
            "module.eks.aws_security_group_rule.workers_ingress_cluster",
            "module.eks.aws_security_group_rule.workers_ingress_cluster_https",
            "module.eks.aws_security_group_rule.workers_ingress_cluster_kubelet",
            "module.eks.aws_security_group_rule.workers_ingress_cluster_primary",
            "module.eks.aws_security_group_rule.workers_ingress_self",
            "module.eks.data.aws_ami.eks_worker",
            "module.eks.data.aws_ami.eks_worker_windows",
            "module.eks.data.aws_iam_instance_profile.custom_worker_group_iam_instance_profile",
            "module.eks.data.aws_iam_policy_document.cluster_assume_role_policy",
            "module.eks.data.aws_iam_policy_document.workers_assume_role_policy",
            "module.eks.data.aws_iam_role.custom_cluster_iam_role",
            "module.eks.data.aws_partition.current"
          ],
          "create_before_destroy": true
        }
      ]
    },
    {
      "module": "module.eks",
      "mode": "managed",
      "type": "aws_eks_cluster",
      "name": "this",
      "provider": "provider[\"registry.terraform.io/hashicorp/aws\"]",
      "instances": [
        {
          "index_key": 0,
          "schema_version": 0,
          "attributes": {
            "arn": "arn:aws:eks:us-east-1:966185979698:cluster/eks-kubeginners",
            "certificate_authority": [
              {
                "data": "LS0tLS1CRUdJTiBDRVJUSUZJQ0FURS0tLS0tCk1JSUM1ekNDQWMrZ0F3SUJBZ0lCQURBTkJna3Foa2lHOXcwQkFRc0ZBREFWTVJNd0VRWURWUVFERXdwcmRXSmwKY201bGRHVnpNQjRYRFRJeU1EUXlPREE1TWprek1sb1hEVE15TURReU5UQTVNamt6TWxvd0ZURVRNQkVHQTFVRQpBeE1LYTNWaVpYSnVaWFJsY3pDQ0FTSXdEUVlKS29aSWh2Y05BUUVCQlFBRGdnRVBBRENDQVFvQ2dnRUJBTXB0ClRKRG5TTkZUMXdndHJBOEh2eEYvNVpsanpOL0tiZnhUMmtLcXRBMmtadWxOa3pscGhrdE5CWUxXRUIwVllkSm4KQ2hTQXh4MDBEeTRsOTA2Rnh6TlQyVWN0OE1VWTNVZlcvb1A5STFlelN3WWJGbWpiWGtCa29GZUhzSnRkbE1TdgpEalAvK0l2T1RLVWs1R2hVMlJMdmdkazU2V1hIaTQ1S28rdnQ4enlIWi9lbnVKSTM3WDloa0ZGLzNROEM1TW1DCkhkMjJycVdadC9XZllmcEFvM0xraTAwZFpGaWE4cFJhMDNNN1RwZVBCdlV0VElpcVdZWUF5Q1h0Q2pUWm9qbjEKd0Q0Q296cEpZTyt0TjRYamVkd2JXWHdXcUI0SG5vMHluT2ZuWXJZQkxpZEZNOVNLRktLVE92V2liT2RReE9HYgo5Y1Exc2hZT3l1N0ZOSlJqQi9zQ0F3RUFBYU5DTUVBd0RnWURWUjBQQVFIL0JBUURBZ0trTUE4R0ExVWRFd0VCCi93UUZNQU1CQWY4d0hRWURWUjBPQkJZRUZCaUxLR0dCdGtwTHF5QzZNYTBsbXMvcytEZWNNQTBHQ1NxR1NJYjMKRFFFQkN3VUFBNElCQVFDaEtyaXU3OUllOE8vLytMdjYzNktNdUl1S3B3UGlaeTkvWkl0anNNR2tVRmdXeThuSgp2M0RZYzZOMklURENpVXIvOXpMNWpHZEpsSSs4RzFyZ295YWYyTUw0MWpja3VxM2xNNnY3SkRWU3FyUEpsb1U3CldBWTZ5OFRZREpGbkJrT1VBWGxZME5XeS9YVjR1VUNzRTNaTURXbGcxTThudW9kWjNnM1l1RUVaN0RiRGVGU3oKVitKc1l0ZVk1cVlxS0d5TWxKSlNvbG8wZGpqNExqM3YyVlBBMWhRbWRwbXNabWxwU1pxSklacXE1UlhyblFUWApOYytDMkEzaDlqam04VVQwU2hna24vOXNtelkvdWVzRTN6eGlSRmgxZFJlV0R6SkdQS1o0UE5iUFhQNGl6dk00Ckh1amticENYamU2bUtLTzdLeTJORG81dmkzOWkwSCtzK2cxcAotLS0tLUVORCBDRVJUSUZJQ0FURS0tLS0tCg=="
              }
            ],
            "created_at": "2022-04-28 09:23:11.894 +0000 UTC",
            "enabled_cluster_log_types": null,
            "encryption_config": [],
            "endpoint": "https://5A0CDC49B8C2C82D9062A632C43BCADE.yl4.us-east-1.eks.amazonaws.com",
            "id": "eks-kubeginners",
            "identity": [
              {
                "oidc": [
                  {
                    "issuer": "https://oidc.eks.us-east-1.amazonaws.com/id/5A0CDC49B8C2C82D9062A632C43BCADE"
                  }
                ]
              }
            ],
            "kubernetes_network_config": [
              {
                "ip_family": "ipv4",
                "service_ipv4_cidr": "10.100.0.0/16"
              }
            ],
            "name": "eks-kubeginners",
            "platform_version": "eks.5",
            "role_arn": "arn:aws:iam::966185979698:role/eks-kubeginners20220428092302876400000003",
            "status": "ACTIVE",
            "tags": {
              "Name": "kubeginners-cluster"
            },
            "tags_all": {
              "Name": "kubeginners-cluster"
            },
            "timeouts": {
              "create": "30m",
              "delete": "15m",
              "update": "60m"
            },
            "version": "1.20",
            "vpc_config": [
              {
                "cluster_security_group_id": "sg-016aee861c6cd8082",
                "endpoint_private_access": false,
                "endpoint_public_access": true,
                "public_access_cidrs": [
                  "0.0.0.0/0"
                ],
                "security_group_ids": [
                  "sg-04e6817fa219c86b7"
                ],
                "subnet_ids": [
                  "subnet-01ea5fece26b182d7",
                  "subnet-039d7bd1c43f973cc"
                ],
                "vpc_id": "vpc-0f82992e109fea8f9"
              }
            ]
          },
          "sensitive_attributes": [],
          "private": "eyJlMmJmYjczMC1lY2FhLTExZTYtOGY4OC0zNDM2M2JjN2M0YzAiOnsiY3JlYXRlIjoxODAwMDAwMDAwMDAwLCJkZWxldGUiOjkwMDAwMDAwMDAwMCwidXBkYXRlIjozNjAwMDAwMDAwMDAwfX0=",
          "dependencies": [
            "data.aws_subnet_ids.subnets",
            "module.eks.aws_cloudwatch_log_group.this",
            "module.eks.aws_iam_role.cluster",
            "module.eks.aws_iam_role_policy_attachment.cluster_AmazonEKSClusterPolicy",
            "module.eks.aws_iam_role_policy_attachment.cluster_AmazonEKSServicePolicy",
            "module.eks.aws_iam_role_policy_attachment.cluster_AmazonEKSVPCResourceControllerPolicy",
            "module.eks.aws_security_group.cluster",
            "module.eks.aws_security_group.workers",
            "module.eks.aws_security_group_rule.cluster_egress_internet",
            "module.eks.aws_security_group_rule.cluster_https_worker_ingress",
            "module.eks.data.aws_iam_policy_document.cluster_assume_role_policy",
            "module.eks.data.aws_iam_role.custom_cluster_iam_role",
            "module.eks.data.aws_partition.current"
          ],
          "create_before_destroy": true
        }
      ]
    },
    {
      "module": "module.eks",
      "mode": "managed",
      "type": "aws_iam_instance_profile",
      "name": "workers",
      "provider": "provider[\"registry.terraform.io/hashicorp/aws\"]",
      "instances": [
        {
          "index_key": 0,
          "schema_version": 0,
          "attributes": {
            "arn": "arn:aws:iam::966185979698:instance-profile/eks-kubeginners2022042809331871560000000e",
            "create_date": "2022-04-28T09:33:19Z",
            "id": "eks-kubeginners2022042809331871560000000e",
            "name": "eks-kubeginners2022042809331871560000000e",
            "name_prefix": "eks-kubeginners",
            "path": "/",
            "role": "eks-kubeginners2022042809331649290000000d",
            "tags": {
              "Name": "kubeginners-cluster"
            },
            "tags_all": {
              "Name": "kubeginners-cluster"
            },
            "unique_id": "AIPA6B5JMB4ZFSEQNBIAQ"
          },
          "sensitive_attributes": [],
          "private": "bnVsbA==",
          "dependencies": [
            "aws_security_group.kubeginners_worker_group_one_sg",
            "data.aws_subnet_ids.subnets",
            "module.eks.aws_cloudwatch_log_group.this",
            "module.eks.aws_eks_cluster.this",
            "module.eks.aws_iam_role.cluster",
            "module.eks.aws_iam_role.workers",
            "module.eks.aws_iam_role_policy_attachment.cluster_AmazonEKSClusterPolicy",
            "module.eks.aws_iam_role_policy_attachment.cluster_AmazonEKSServicePolicy",
            "module.eks.aws_iam_role_policy_attachment.cluster_AmazonEKSVPCResourceControllerPolicy",
            "module.eks.aws_security_group.cluster",
            "module.eks.aws_security_group.workers",
            "module.eks.aws_security_group_rule.cluster_egress_internet",
            "module.eks.aws_security_group_rule.cluster_https_worker_ingress",
            "module.eks.data.aws_iam_policy_document.cluster_assume_role_policy",
            "module.eks.data.aws_iam_policy_document.workers_assume_role_policy",
            "module.eks.data.aws_iam_role.custom_cluster_iam_role",
            "module.eks.data.aws_partition.current"
          ],
          "create_before_destroy": true
        }
      ]
    },
    {
      "module": "module.eks",
      "mode": "managed",
      "type": "aws_iam_policy",
      "name": "cluster_deny_log_group",
      "provider": "provider[\"registry.terraform.io/hashicorp/aws\"]",
      "instances": [
        {
          "index_key": 0,
          "schema_version": 0,
          "attributes": {
            "arn": "arn:aws:iam::966185979698:policy/eks-kubeginners-deny-log-group20220428092302876300000001",
            "description": "Deny CreateLogGroup",
            "id": "arn:aws:iam::966185979698:policy/eks-kubeginners-deny-log-group20220428092302876300000001",
            "name": "eks-kubeginners-deny-log-group20220428092302876300000001",
            "name_prefix": "eks-kubeginners-deny-log-group",
            "path": "/",
            "policy": "{\"Statement\":[{\"Action\":\"logs:CreateLogGroup\",\"Effect\":\"Deny\",\"Resource\":\"*\",\"Sid\":\"\"}],\"Version\":\"2012-10-17\"}",
            "policy_id": "ANPA6B5JMB4ZFD63HJR37",
            "tags": {
              "Name": "kubeginners-cluster"
            },
            "tags_all": {
              "Name": "kubeginners-cluster"
            }
          },
          "sensitive_attributes": [],
          "private": "bnVsbA==",
          "dependencies": [
            "module.eks.data.aws_iam_policy_document.cluster_deny_log_group"
          ]
        }
      ]
    },
    {
      "module": "module.eks",
      "mode": "managed",
      "type": "aws_iam_policy",
      "name": "cluster_elb_sl_role_creation",
      "provider": "provider[\"registry.terraform.io/hashicorp/aws\"]",
      "instances": [
        {
          "index_key": 0,
          "schema_version": 0,
          "attributes": {
            "arn": "arn:aws:iam::966185979698:policy/eks-kubeginners-elb-sl-role-creation20220428092302876300000002",
            "description": "Permissions for EKS to create AWSServiceRoleForElasticLoadBalancing service-linked role",
            "id": "arn:aws:iam::966185979698:policy/eks-kubeginners-elb-sl-role-creation20220428092302876300000002",
            "name": "eks-kubeginners-elb-sl-role-creation20220428092302876300000002",
            "name_prefix": "eks-kubeginners-elb-sl-role-creation",
            "path": "/",
            "policy": "{\"Statement\":[{\"Action\":[\"ec2:DescribeInternetGateways\",\"ec2:DescribeAddresses\",\"ec2:DescribeAccountAttributes\"],\"Effect\":\"Allow\",\"Resource\":\"*\",\"Sid\":\"\"}],\"Version\":\"2012-10-17\"}",
            "policy_id": "ANPA6B5JMB4ZPWRWGTN3H",
            "tags": {
              "Name": "kubeginners-cluster"
            },
            "tags_all": {
              "Name": "kubeginners-cluster"
            }
          },
          "sensitive_attributes": [],
          "private": "bnVsbA==",
          "dependencies": [
            "module.eks.data.aws_iam_policy_document.cluster_elb_sl_role_creation"
          ]
        }
      ]
    },
    {
      "module": "module.eks",
      "mode": "managed",
      "type": "aws_iam_role",
      "name": "cluster",
      "provider": "provider[\"registry.terraform.io/hashicorp/aws\"]",
      "instances": [
        {
          "index_key": 0,
          "schema_version": 0,
          "attributes": {
            "arn": "arn:aws:iam::966185979698:role/eks-kubeginners20220428092302876400000003",
            "assume_role_policy": "{\"Version\":\"2012-10-17\",\"Statement\":[{\"Sid\":\"EKSClusterAssumeRole\",\"Effect\":\"Allow\",\"Principal\":{\"Service\":\"eks.amazonaws.com\"},\"Action\":\"sts:AssumeRole\"}]}",
            "create_date": "2022-04-28T09:23:03Z",
            "description": "",
            "force_detach_policies": true,
            "id": "eks-kubeginners20220428092302876400000003",
            "inline_policy": [
              {
                "name": "",
                "policy": ""
              }
            ],
            "managed_policy_arns": [],
            "max_session_duration": 3600,
            "name": "eks-kubeginners20220428092302876400000003",
            "name_prefix": "eks-kubeginners",
            "path": "/",
            "permissions_boundary": null,
            "tags": {
              "Name": "kubeginners-cluster"
            },
            "tags_all": {
              "Name": "kubeginners-cluster"
            },
            "unique_id": "AROA6B5JMB4ZGGMHODWSH"
          },
          "sensitive_attributes": [],
          "private": "bnVsbA==",
          "dependencies": [
            "module.eks.data.aws_iam_policy_document.cluster_assume_role_policy"
          ],
          "create_before_destroy": true
        }
      ]
    },
    {
      "module": "module.eks",
      "mode": "managed",
      "type": "aws_iam_role",
      "name": "workers",
      "provider": "provider[\"registry.terraform.io/hashicorp/aws\"]",
      "instances": [
        {
          "index_key": 0,
          "schema_version": 0,
          "attributes": {
            "arn": "arn:aws:iam::966185979698:role/eks-kubeginners2022042809331649290000000d",
            "assume_role_policy": "{\"Version\":\"2012-10-17\",\"Statement\":[{\"Sid\":\"EKSWorkerAssumeRole\",\"Effect\":\"Allow\",\"Principal\":{\"Service\":\"ec2.amazonaws.com\"},\"Action\":\"sts:AssumeRole\"}]}",
            "create_date": "2022-04-28T09:33:17Z",
            "description": "",
            "force_detach_policies": true,
            "id": "eks-kubeginners2022042809331649290000000d",
            "inline_policy": [
              {
                "name": "",
                "policy": ""
              }
            ],
            "managed_policy_arns": [],
            "max_session_duration": 3600,
            "name": "eks-kubeginners2022042809331649290000000d",
            "name_prefix": "eks-kubeginners",
            "path": "/",
            "permissions_boundary": null,
            "tags": {
              "Name": "kubeginners-cluster"
            },
            "tags_all": {
              "Name": "kubeginners-cluster"
            },
            "unique_id": "AROA6B5JMB4ZNVJV6AZYG"
          },
          "sensitive_attributes": [],
          "private": "bnVsbA==",
          "dependencies": [
            "data.aws_subnet_ids.subnets",
            "module.eks.aws_cloudwatch_log_group.this",
            "module.eks.aws_eks_cluster.this",
            "module.eks.aws_iam_role.cluster",
            "module.eks.aws_iam_role_policy_attachment.cluster_AmazonEKSClusterPolicy",
            "module.eks.aws_iam_role_policy_attachment.cluster_AmazonEKSServicePolicy",
            "module.eks.aws_iam_role_policy_attachment.cluster_AmazonEKSVPCResourceControllerPolicy",
            "module.eks.aws_security_group.cluster",
            "module.eks.aws_security_group.workers",
            "module.eks.aws_security_group_rule.cluster_egress_internet",
            "module.eks.aws_security_group_rule.cluster_https_worker_ingress",
            "module.eks.data.aws_iam_policy_document.cluster_assume_role_policy",
            "module.eks.data.aws_iam_policy_document.workers_assume_role_policy",
            "module.eks.data.aws_iam_role.custom_cluster_iam_role",
            "module.eks.data.aws_partition.current"
          ],
          "create_before_destroy": true
        }
      ]
    },
    {
      "module": "module.eks",
      "mode": "managed",
      "type": "aws_iam_role_policy_attachment",
      "name": "cluster_AmazonEKSClusterPolicy",
      "provider": "provider[\"registry.terraform.io/hashicorp/aws\"]",
      "instances": [
        {
          "index_key": 0,
          "schema_version": 0,
          "attributes": {
            "id": "eks-kubeginners20220428092302876400000003-20220428092305154200000008",
            "policy_arn": "arn:aws:iam::aws:policy/AmazonEKSClusterPolicy",
            "role": "eks-kubeginners20220428092302876400000003"
          },
          "sensitive_attributes": [],
          "private": "bnVsbA==",
          "dependencies": [
            "module.eks.aws_iam_role.cluster",
            "module.eks.data.aws_iam_policy_document.cluster_assume_role_policy",
            "module.eks.data.aws_partition.current"
          ],
          "create_before_destroy": true
        }
      ]
    },
    {
      "module": "module.eks",
      "mode": "managed",
      "type": "aws_iam_role_policy_attachment",
      "name": "cluster_AmazonEKSServicePolicy",
      "provider": "provider[\"registry.terraform.io/hashicorp/aws\"]",
      "instances": [
        {
          "index_key": 0,
          "schema_version": 0,
          "attributes": {
            "id": "eks-kubeginners20220428092302876400000003-2022042809230515440000000a",
            "policy_arn": "arn:aws:iam::aws:policy/AmazonEKSServicePolicy",
            "role": "eks-kubeginners20220428092302876400000003"
          },
          "sensitive_attributes": [],
          "private": "bnVsbA==",
          "dependencies": [
            "module.eks.aws_iam_role.cluster",
            "module.eks.data.aws_iam_policy_document.cluster_assume_role_policy",
            "module.eks.data.aws_partition.current"
          ],
          "create_before_destroy": true
        }
      ]
    },
    {
      "module": "module.eks",
      "mode": "managed",
      "type": "aws_iam_role_policy_attachment",
      "name": "cluster_AmazonEKSVPCResourceControllerPolicy",
      "provider": "provider[\"registry.terraform.io/hashicorp/aws\"]",
      "instances": [
        {
          "index_key": 0,
          "schema_version": 0,
          "attributes": {
            "id": "eks-kubeginners20220428092302876400000003-2022042809230540810000000c",
            "policy_arn": "arn:aws:iam::aws:policy/AmazonEKSVPCResourceController",
            "role": "eks-kubeginners20220428092302876400000003"
          },
          "sensitive_attributes": [],
          "private": "bnVsbA==",
          "dependencies": [
            "module.eks.aws_iam_role.cluster",
            "module.eks.data.aws_iam_policy_document.cluster_assume_role_policy",
            "module.eks.data.aws_partition.current"
          ],
          "create_before_destroy": true
        }
      ]
    },
    {
      "module": "module.eks",
      "mode": "managed",
      "type": "aws_iam_role_policy_attachment",
      "name": "cluster_deny_log_group",
      "provider": "provider[\"registry.terraform.io/hashicorp/aws\"]",
      "instances": [
        {
          "index_key": 0,
          "schema_version": 0,
          "attributes": {
            "id": "eks-kubeginners20220428092302876400000003-20220428092305154200000009",
            "policy_arn": "arn:aws:iam::966185979698:policy/eks-kubeginners-deny-log-group20220428092302876300000001",
            "role": "eks-kubeginners20220428092302876400000003"
          },
          "sensitive_attributes": [],
          "private": "bnVsbA==",
          "dependencies": [
            "module.eks.aws_iam_policy.cluster_deny_log_group",
            "module.eks.aws_iam_role.cluster",
            "module.eks.data.aws_iam_policy_document.cluster_assume_role_policy",
            "module.eks.data.aws_iam_policy_document.cluster_deny_log_group"
          ]
        }
      ]
    },
    {
      "module": "module.eks",
      "mode": "managed",
      "type": "aws_iam_role_policy_attachment",
      "name": "cluster_elb_sl_role_creation",
      "provider": "provider[\"registry.terraform.io/hashicorp/aws\"]",
      "instances": [
        {
          "index_key": 0,
          "schema_version": 0,
          "attributes": {
            "id": "eks-kubeginners20220428092302876400000003-2022042809230540800000000b",
            "policy_arn": "arn:aws:iam::966185979698:policy/eks-kubeginners-elb-sl-role-creation20220428092302876300000002",
            "role": "eks-kubeginners20220428092302876400000003"
          },
          "sensitive_attributes": [],
          "private": "bnVsbA==",
          "dependencies": [
            "module.eks.aws_iam_policy.cluster_elb_sl_role_creation",
            "module.eks.aws_iam_role.cluster",
            "module.eks.data.aws_iam_policy_document.cluster_assume_role_policy",
            "module.eks.data.aws_iam_policy_document.cluster_elb_sl_role_creation"
          ]
        }
      ]
    },
    {
      "module": "module.eks",
      "mode": "managed",
      "type": "aws_iam_role_policy_attachment",
      "name": "workers_AmazonEC2ContainerRegistryReadOnly",
      "provider": "provider[\"registry.terraform.io/hashicorp/aws\"]",
      "instances": [
        {
          "index_key": 0,
          "schema_version": 0,
          "attributes": {
            "id": "eks-kubeginners2022042809331649290000000d-2022042809331893800000000f",
            "policy_arn": "arn:aws:iam::aws:policy/AmazonEC2ContainerRegistryReadOnly",
            "role": "eks-kubeginners2022042809331649290000000d"
          },
          "sensitive_attributes": [],
          "private": "bnVsbA==",
          "dependencies": [
            "data.aws_subnet_ids.subnets",
            "module.eks.aws_cloudwatch_log_group.this",
            "module.eks.aws_eks_cluster.this",
            "module.eks.aws_iam_role.cluster",
            "module.eks.aws_iam_role.workers",
            "module.eks.aws_iam_role_policy_attachment.cluster_AmazonEKSClusterPolicy",
            "module.eks.aws_iam_role_policy_attachment.cluster_AmazonEKSServicePolicy",
            "module.eks.aws_iam_role_policy_attachment.cluster_AmazonEKSVPCResourceControllerPolicy",
            "module.eks.aws_security_group.cluster",
            "module.eks.aws_security_group.workers",
            "module.eks.aws_security_group_rule.cluster_egress_internet",
            "module.eks.aws_security_group_rule.cluster_https_worker_ingress",
            "module.eks.data.aws_iam_policy_document.cluster_assume_role_policy",
            "module.eks.data.aws_iam_policy_document.workers_assume_role_policy",
            "module.eks.data.aws_iam_role.custom_cluster_iam_role",
            "module.eks.data.aws_partition.current"
          ],
          "create_before_destroy": true
        }
      ]
    },
    {
      "module": "module.eks",
      "mode": "managed",
      "type": "aws_iam_role_policy_attachment",
      "name": "workers_AmazonEKSWorkerNodePolicy",
      "provider": "provider[\"registry.terraform.io/hashicorp/aws\"]",
      "instances": [
        {
          "index_key": 0,
          "schema_version": 0,
          "attributes": {
            "id": "eks-kubeginners2022042809331649290000000d-20220428093319525800000011",
            "policy_arn": "arn:aws:iam::aws:policy/AmazonEKSWorkerNodePolicy",
            "role": "eks-kubeginners2022042809331649290000000d"
          },
          "sensitive_attributes": [],
          "private": "bnVsbA==",
          "dependencies": [
            "data.aws_subnet_ids.subnets",
            "module.eks.aws_cloudwatch_log_group.this",
            "module.eks.aws_eks_cluster.this",
            "module.eks.aws_iam_role.cluster",
            "module.eks.aws_iam_role.workers",
            "module.eks.aws_iam_role_policy_attachment.cluster_AmazonEKSClusterPolicy",
            "module.eks.aws_iam_role_policy_attachment.cluster_AmazonEKSServicePolicy",
            "module.eks.aws_iam_role_policy_attachment.cluster_AmazonEKSVPCResourceControllerPolicy",
            "module.eks.aws_security_group.cluster",
            "module.eks.aws_security_group.workers",
            "module.eks.aws_security_group_rule.cluster_egress_internet",
            "module.eks.aws_security_group_rule.cluster_https_worker_ingress",
            "module.eks.data.aws_iam_policy_document.cluster_assume_role_policy",
            "module.eks.data.aws_iam_policy_document.workers_assume_role_policy",
            "module.eks.data.aws_iam_role.custom_cluster_iam_role",
            "module.eks.data.aws_partition.current"
          ],
          "create_before_destroy": true
        }
      ]
    },
    {
      "module": "module.eks",
      "mode": "managed",
      "type": "aws_iam_role_policy_attachment",
      "name": "workers_AmazonEKS_CNI_Policy",
      "provider": "provider[\"registry.terraform.io/hashicorp/aws\"]",
      "instances": [
        {
          "index_key": 0,
          "schema_version": 0,
          "attributes": {
            "id": "eks-kubeginners2022042809331649290000000d-20220428093319407400000010",
            "policy_arn": "arn:aws:iam::aws:policy/AmazonEKS_CNI_Policy",
            "role": "eks-kubeginners2022042809331649290000000d"
          },
          "sensitive_attributes": [],
          "private": "bnVsbA==",
          "dependencies": [
            "data.aws_subnet_ids.subnets",
            "module.eks.aws_cloudwatch_log_group.this",
            "module.eks.aws_eks_cluster.this",
            "module.eks.aws_iam_role.cluster",
            "module.eks.aws_iam_role.workers",
            "module.eks.aws_iam_role_policy_attachment.cluster_AmazonEKSClusterPolicy",
            "module.eks.aws_iam_role_policy_attachment.cluster_AmazonEKSServicePolicy",
            "module.eks.aws_iam_role_policy_attachment.cluster_AmazonEKSVPCResourceControllerPolicy",
            "module.eks.aws_security_group.cluster",
            "module.eks.aws_security_group.workers",
            "module.eks.aws_security_group_rule.cluster_egress_internet",
            "module.eks.aws_security_group_rule.cluster_https_worker_ingress",
            "module.eks.data.aws_iam_policy_document.cluster_assume_role_policy",
            "module.eks.data.aws_iam_policy_document.workers_assume_role_policy",
            "module.eks.data.aws_iam_role.custom_cluster_iam_role",
            "module.eks.data.aws_partition.current"
          ],
          "create_before_destroy": true
        }
      ]
    },
    {
      "module": "module.eks",
      "mode": "managed",
      "type": "aws_launch_configuration",
      "name": "workers",
      "provider": "provider[\"registry.terraform.io/hashicorp/aws\"]",
      "instances": [
        {
          "index_key": 0,
          "schema_version": 0,
          "attributes": {
            "arn": "arn:aws:autoscaling:us-east-1:966185979698:launchConfiguration:232fe0bd-3dca-4a0a-b92e-bc924f62b06e:launchConfigurationName/eks-kubeginners-worker-group-120220428093320034000000012",
            "associate_public_ip_address": false,
            "ebs_block_device": [],
            "ebs_optimized": false,
            "enable_monitoring": true,
            "ephemeral_block_device": [],
            "iam_instance_profile": "eks-kubeginners2022042809331871560000000e",
            "id": "eks-kubeginners-worker-group-120220428093320034000000012",
            "image_id": "ami-01a09362cdb8f50b3",
            "instance_type": "t2.micro",
            "key_name": "",
            "metadata_options": [
              {
                "http_endpoint": "enabled",
                "http_put_response_hop_limit": 1,
                "http_tokens": "optional"
              }
            ],
            "name": "eks-kubeginners-worker-group-120220428093320034000000012",
            "name_prefix": "eks-kubeginners-worker-group-1",
            "placement_tenancy": "",
            "root_block_device": [
              {
                "delete_on_termination": true,
                "encrypted": false,
                "iops": 0,
                "throughput": 0,
                "volume_size": 100,
                "volume_type": "gp2"
              }
            ],
            "security_groups": [
              "sg-03d5d1f6f0c751d11",
              "sg-0f0bf7bd40662db75"
            ],
            "spot_price": "",
            "user_data": null,
            "user_data_base64": "IyEvYmluL2Jhc2ggLWUKCiMgQWxsb3cgdXNlciBzdXBwbGllZCBwcmUgdXNlcmRhdGEgY29kZQoKCiMgQm9vdHN0cmFwIGFuZCBqb2luIHRoZSBjbHVzdGVyCi9ldGMvZWtzL2Jvb3RzdHJhcC5zaCAtLWI2NC1jbHVzdGVyLWNhICdMUzB0TFMxQ1JVZEpUaUJEUlZKVVNVWkpRMEZVUlMwdExTMHRDazFKU1VNMWVrTkRRV01yWjBGM1NVSkJaMGxDUVVSQlRrSm5hM0ZvYTJsSE9YY3dRa0ZSYzBaQlJFRldUVkpOZDBWUldVUldVVkZFUlhkd2NtUlhTbXdLWTIwMWJHUkhWbnBOUWpSWVJGUkplVTFFVVhsUFJFRTFUV3ByZWsxc2IxaEVWRTE1VFVSUmVVNVVRVFZOYW10NlRXeHZkMFpVUlZSTlFrVkhRVEZWUlFwQmVFMUxZVE5XYVZwWVNuVmFXRkpzWTNwRFEwRlRTWGRFVVZsS1MyOWFTV2gyWTA1QlVVVkNRbEZCUkdkblJWQkJSRU5EUVZGdlEyZG5SVUpCVFhCMENsUktSRzVUVGtaVU1YZG5kSEpCT0VoMmVFWXZOVnBzYW5wT0wwdGlabmhVTW10TGNYUkJNbXRhZFd4T2EzcHNjR2hyZEU1Q1dVeFhSVUl3Vmxsa1NtNEtRMmhUUVhoNE1EQkVlVFJzT1RBMlJuaDZUbFF5VldOME9FMVZXVE5WWmxjdmIxQTVTVEZsZWxOM1dXSkdiV3BpV0d0Q2EyOUdaVWh6U25Sa2JFMVRkZ3BFYWxBdkswbDJUMVJMVldzMVIyaFZNbEpNZG1ka2F6VTJWMWhJYVRRMVMyOHJkblE0ZW5sSVdpOWxiblZLU1RNM1dEbG9hMFpHTHpOUk9FTTFUVzFEQ2toa01qSnljVmRhZEM5WFpsbG1jRUZ2TTB4cmFUQXdaRnBHYVdFNGNGSmhNRE5OTjFSd1pWQkNkbFYwVkVscGNWZFpXVUY1UTFoMFEycFVXbTlxYmpFS2QwUTBRMjk2Y0VwWlR5dDBUalJZYW1Wa2QySlhXSGRYY1VJMFNHNXZNSGx1VDJadVdYSlpRa3hwWkVaTk9WTkxSa3RMVkU5MlYybGlUMlJSZUU5SFlnbzVZMUV4YzJoWlQzbDFOMFpPU2xKcVFpOXpRMEYzUlVGQllVNURUVVZCZDBSbldVUldVakJRUVZGSUwwSkJVVVJCWjB0clRVRTRSMEV4VldSRmQwVkNDaTkzVVVaTlFVMUNRV1k0ZDBoUldVUldVakJQUWtKWlJVWkNhVXhMUjBkQ2RHdHdUSEY1UXpaTllUQnNiWE12Y3l0RVpXTk5RVEJIUTFOeFIxTkpZak1LUkZGRlFrTjNWVUZCTkVsQ1FWRkRhRXR5YVhVM09VbGxPRTh2THl0TWRqWXpOa3ROZFVsMVMzQjNVR2xhZVRrdldrbDBhbk5OUjJ0VlJtZFhlVGh1U2dwMk0wUlpZelpPTWtsVVJFTnBWWEl2T1hwTU5XcEhaRXBzU1NzNFJ6RnlaMjk1WVdZeVRVdzBNV3BqYTNWeE0yeE5OblkzU2tSV1UzRnlVRXBzYjFVM0NsZEJXVFo1T0ZSWlJFcEdia0pyVDFWQldHeFpNRTVYZVM5WVZqUjFWVU56UlROYVRVUlhiR2N4VFRodWRXOWtXak5uTTFsMVJVVmFOMFJpUkdWR1Uzb0tWaXRLYzFsMFpWazFjVmx4UzBkNVRXeEtTbE52Ykc4d1pHcHFORXhxTTNZeVZsQkJNV2hSYldSd2JYTmFiV3h3VTFweFNrbGFjWEUxVWxoeWJsRlVXQXBPWXl0RE1rRXphRGxxYW0wNFZWUXdVMmhuYTI0dk9YTnRlbGt2ZFdWelJUTjZlR2xTUm1neFpGSmxWMFI2U2tkUVMxbzBVRTVpVUZoUU5HbDZkazAwQ2toMWFtdGljRU5ZYW1VMmJVdExUemRMZVRKT1JHODFkbWt6T1drd1NDdHpLMmN4Y0FvdExTMHRMVVZPUkNCRFJWSlVTVVpKUTBGVVJTMHRMUzB0Q2c9PScgLS1hcGlzZXJ2ZXItZW5kcG9pbnQgJ2h0dHBzOi8vNUEwQ0RDNDlCOEMyQzgyRDkwNjJBNjMyQzQzQkNBREUueWw0LnVzLWVhc3QtMS5la3MuYW1hem9uYXdzLmNvbScgIC0ta3ViZWxldC1leHRyYS1hcmdzICIiICdla3Mta3ViZWdpbm5lcnMnCgojIEFsbG93IHVzZXIgc3VwcGxpZWQgdXNlcmRhdGEgY29kZQoK",
            "vpc_classic_link_id": "",
            "vpc_classic_link_security_groups": null
          },
          "sensitive_attributes": [],
          "private": "bnVsbA==",
          "dependencies": [
            "aws_security_group.kubeginners_worker_group_one_sg",
            "data.aws_subnet_ids.subnets",
            "module.eks.aws_cloudwatch_log_group.this",
            "module.eks.aws_eks_cluster.this",
            "module.eks.aws_iam_instance_profile.workers",
            "module.eks.aws_iam_role.cluster",
            "module.eks.aws_iam_role.workers",
            "module.eks.aws_iam_role_policy_attachment.cluster_AmazonEKSClusterPolicy",
            "module.eks.aws_iam_role_policy_attachment.cluster_AmazonEKSServicePolicy",
            "module.eks.aws_iam_role_policy_attachment.cluster_AmazonEKSVPCResourceControllerPolicy",
            "module.eks.aws_iam_role_policy_attachment.workers_AmazonEC2ContainerRegistryReadOnly",
            "module.eks.aws_iam_role_policy_attachment.workers_AmazonEKSWorkerNodePolicy",
            "module.eks.aws_iam_role_policy_attachment.workers_AmazonEKS_CNI_Policy",
            "module.eks.aws_iam_role_policy_attachment.workers_additional_policies",
            "module.eks.aws_security_group.cluster",
            "module.eks.aws_security_group.workers",
            "module.eks.aws_security_group_rule.cluster_egress_internet",
            "module.eks.aws_security_group_rule.cluster_https_worker_ingress",
            "module.eks.aws_security_group_rule.cluster_primary_ingress_workers",
            "module.eks.aws_security_group_rule.workers_egress_internet",
            "module.eks.aws_security_group_rule.workers_ingress_cluster",
            "module.eks.aws_security_group_rule.workers_ingress_cluster_https",
            "module.eks.aws_security_group_rule.workers_ingress_cluster_kubelet",
            "module.eks.aws_security_group_rule.workers_ingress_cluster_primary",
            "module.eks.aws_security_group_rule.workers_ingress_self",
            "module.eks.data.aws_ami.eks_worker",
            "module.eks.data.aws_ami.eks_worker_windows",
            "module.eks.data.aws_iam_instance_profile.custom_worker_group_iam_instance_profile",
            "module.eks.data.aws_iam_policy_document.cluster_assume_role_policy",
            "module.eks.data.aws_iam_policy_document.workers_assume_role_policy",
            "module.eks.data.aws_iam_role.custom_cluster_iam_role",
            "module.eks.data.aws_partition.current"
          ],
          "create_before_destroy": true
        }
      ]
    },
    {
      "module": "module.eks",
      "mode": "managed",
      "type": "aws_security_group",
      "name": "cluster",
      "provider": "provider[\"registry.terraform.io/hashicorp/aws\"]",
      "instances": [
        {
          "index_key": 0,
          "schema_version": 1,
          "attributes": {
            "arn": "arn:aws:ec2:us-east-1:966185979698:security-group/sg-04e6817fa219c86b7",
            "description": "EKS cluster security group.",
            "egress": [],
            "id": "sg-04e6817fa219c86b7",
            "ingress": [],
            "name": "eks-kubeginners20220428092302876700000005",
            "name_prefix": "eks-kubeginners",
            "owner_id": "966185979698",
            "revoke_rules_on_delete": false,
            "tags": {
              "Name": "eks-kubeginners-eks_cluster_sg"
            },
            "tags_all": {
              "Name": "eks-kubeginners-eks_cluster_sg"
            },
            "timeouts": null,
            "vpc_id": "vpc-0f82992e109fea8f9"
          },
          "sensitive_attributes": [],
          "private": "eyJlMmJmYjczMC1lY2FhLTExZTYtOGY4OC0zNDM2M2JjN2M0YzAiOnsiY3JlYXRlIjo2MDAwMDAwMDAwMDAsImRlbGV0ZSI6OTAwMDAwMDAwMDAwfSwic2NoZW1hX3ZlcnNpb24iOiIxIn0=",
          "create_before_destroy": true
        }
      ]
    },
    {
      "module": "module.eks",
      "mode": "managed",
      "type": "aws_security_group",
      "name": "workers",
      "provider": "provider[\"registry.terraform.io/hashicorp/aws\"]",
      "instances": [
        {
          "index_key": 0,
          "schema_version": 1,
          "attributes": {
            "arn": "arn:aws:ec2:us-east-1:966185979698:security-group/sg-0f0bf7bd40662db75",
            "description": "Security group for all nodes in the cluster.",
            "egress": [],
            "id": "sg-0f0bf7bd40662db75",
            "ingress": [],
            "name": "eks-kubeginners20220428092302876600000004",
            "name_prefix": "eks-kubeginners",
            "owner_id": "966185979698",
            "revoke_rules_on_delete": false,
            "tags": {
              "Name": "eks-kubeginners-eks_worker_sg",
              "kubernetes.io/cluster/eks-kubeginners": "owned"
            },
            "tags_all": {
              "Name": "eks-kubeginners-eks_worker_sg",
              "kubernetes.io/cluster/eks-kubeginners": "owned"
            },
            "timeouts": null,
            "vpc_id": "vpc-0f82992e109fea8f9"
          },
          "sensitive_attributes": [],
          "private": "eyJlMmJmYjczMC1lY2FhLTExZTYtOGY4OC0zNDM2M2JjN2M0YzAiOnsiY3JlYXRlIjo2MDAwMDAwMDAwMDAsImRlbGV0ZSI6OTAwMDAwMDAwMDAwfSwic2NoZW1hX3ZlcnNpb24iOiIxIn0=",
          "create_before_destroy": true
        }
      ]
    },
    {
      "module": "module.eks",
      "mode": "managed",
      "type": "aws_security_group_rule",
      "name": "cluster_egress_internet",
      "provider": "provider[\"registry.terraform.io/hashicorp/aws\"]",
      "instances": [
        {
          "index_key": 0,
          "schema_version": 2,
          "attributes": {
            "cidr_blocks": [
              "0.0.0.0/0"
            ],
            "description": "Allow cluster egress access to the Internet.",
            "from_port": 0,
            "id": "sgrule-3026243721",
            "ipv6_cidr_blocks": null,
            "prefix_list_ids": null,
            "protocol": "-1",
            "security_group_id": "sg-04e6817fa219c86b7",
            "self": false,
            "source_security_group_id": null,
            "to_port": 0,
            "type": "egress"
          },
          "sensitive_attributes": [],
          "private": "eyJzY2hlbWFfdmVyc2lvbiI6IjIifQ==",
          "dependencies": [
            "module.eks.aws_security_group.cluster"
          ],
          "create_before_destroy": true
        }
      ]
    },
    {
      "module": "module.eks",
      "mode": "managed",
      "type": "aws_security_group_rule",
      "name": "cluster_https_worker_ingress",
      "provider": "provider[\"registry.terraform.io/hashicorp/aws\"]",
      "instances": [
        {
          "index_key": 0,
          "schema_version": 2,
          "attributes": {
            "cidr_blocks": null,
            "description": "Allow pods to communicate with the EKS cluster API.",
            "from_port": 443,
            "id": "sgrule-4125718595",
            "ipv6_cidr_blocks": null,
            "prefix_list_ids": null,
            "protocol": "tcp",
            "security_group_id": "sg-04e6817fa219c86b7",
            "self": false,
            "source_security_group_id": "sg-0f0bf7bd40662db75",
            "to_port": 443,
            "type": "ingress"
          },
          "sensitive_attributes": [],
          "private": "eyJzY2hlbWFfdmVyc2lvbiI6IjIifQ==",
          "dependencies": [
            "module.eks.aws_security_group.cluster",
            "module.eks.aws_security_group.workers"
          ],
          "create_before_destroy": true
        }
      ]
    },
    {
      "module": "module.eks",
      "mode": "managed",
      "type": "aws_security_group_rule",
      "name": "workers_egress_internet",
      "provider": "provider[\"registry.terraform.io/hashicorp/aws\"]",
      "instances": [
        {
          "index_key": 0,
          "schema_version": 2,
          "attributes": {
            "cidr_blocks": [
              "0.0.0.0/0"
            ],
            "description": "Allow nodes all egress to the Internet.",
            "from_port": 0,
            "id": "sgrule-2622446070",
            "ipv6_cidr_blocks": null,
            "prefix_list_ids": null,
            "protocol": "-1",
            "security_group_id": "sg-0f0bf7bd40662db75",
            "self": false,
            "source_security_group_id": null,
            "to_port": 0,
            "type": "egress"
          },
          "sensitive_attributes": [],
          "private": "eyJzY2hlbWFfdmVyc2lvbiI6IjIifQ==",
          "dependencies": [
            "module.eks.aws_security_group.workers"
          ],
          "create_before_destroy": true
        }
      ]
    },
    {
      "module": "module.eks",
      "mode": "managed",
      "type": "aws_security_group_rule",
      "name": "workers_ingress_cluster",
      "provider": "provider[\"registry.terraform.io/hashicorp/aws\"]",
      "instances": [
        {
          "index_key": 0,
          "schema_version": 2,
          "attributes": {
            "cidr_blocks": null,
            "description": "Allow workers pods to receive communication from the cluster control plane.",
            "from_port": 1025,
            "id": "sgrule-226089970",
            "ipv6_cidr_blocks": null,
            "prefix_list_ids": null,
            "protocol": "tcp",
            "security_group_id": "sg-0f0bf7bd40662db75",
            "self": false,
            "source_security_group_id": "sg-04e6817fa219c86b7",
            "to_port": 65535,
            "type": "ingress"
          },
          "sensitive_attributes": [],
          "private": "eyJzY2hlbWFfdmVyc2lvbiI6IjIifQ==",
          "dependencies": [
            "module.eks.aws_security_group.cluster",
            "module.eks.aws_security_group.workers"
          ],
          "create_before_destroy": true
        }
      ]
    },
    {
      "module": "module.eks",
      "mode": "managed",
      "type": "aws_security_group_rule",
      "name": "workers_ingress_cluster_https",
      "provider": "provider[\"registry.terraform.io/hashicorp/aws\"]",
      "instances": [
        {
          "index_key": 0,
          "schema_version": 2,
          "attributes": {
            "cidr_blocks": null,
            "description": "Allow pods running extension API servers on port 443 to receive communication from cluster control plane.",
            "from_port": 443,
            "id": "sgrule-794955747",
            "ipv6_cidr_blocks": null,
            "prefix_list_ids": null,
            "protocol": "tcp",
            "security_group_id": "sg-0f0bf7bd40662db75",
            "self": false,
            "source_security_group_id": "sg-04e6817fa219c86b7",
            "to_port": 443,
            "type": "ingress"
          },
          "sensitive_attributes": [],
          "private": "eyJzY2hlbWFfdmVyc2lvbiI6IjIifQ==",
          "dependencies": [
            "module.eks.aws_security_group.cluster",
            "module.eks.aws_security_group.workers"
          ],
          "create_before_destroy": true
        }
      ]
    },
    {
      "module": "module.eks",
      "mode": "managed",
      "type": "aws_security_group_rule",
      "name": "workers_ingress_self",
      "provider": "provider[\"registry.terraform.io/hashicorp/aws\"]",
      "instances": [
        {
          "index_key": 0,
          "schema_version": 2,
          "attributes": {
            "cidr_blocks": null,
            "description": "Allow node to communicate with each other.",
            "from_port": 0,
            "id": "sgrule-2657202404",
            "ipv6_cidr_blocks": null,
            "prefix_list_ids": null,
            "protocol": "-1",
            "security_group_id": "sg-0f0bf7bd40662db75",
            "self": false,
            "source_security_group_id": "sg-0f0bf7bd40662db75",
            "to_port": 65535,
            "type": "ingress"
          },
          "sensitive_attributes": [],
          "private": "eyJzY2hlbWFfdmVyc2lvbiI6IjIifQ==",
          "dependencies": [
            "module.eks.aws_security_group.workers"
          ],
          "create_before_destroy": true
        }
      ]
    },
    {
      "module": "module.eks",
      "mode": "managed",
      "type": "kubernetes_config_map",
      "name": "aws_auth",
      "provider": "provider[\"registry.terraform.io/hashicorp/kubernetes\"]",
      "instances": [
        {
          "index_key": 0,
          "schema_version": 0,
          "attributes": {
            "binary_data": null,
            "data": {
              "mapAccounts": "[]\n",
              "mapRoles": "- \"groups\":\n  - \"system:bootstrappers\"\n  - \"system:nodes\"\n  \"rolearn\": \"arn:aws:iam::966185979698:role/eks-kubeginners2022042809331649290000000d\"\n  \"username\": \"system:node:{{EC2PrivateDNSName}}\"\n",
              "mapUsers": "[]\n"
            },
            "id": "kube-system/aws-auth",
            "metadata": [
              {
                "annotations": null,
                "generate_name": "",
                "generation": 0,
                "labels": {
                  "app.kubernetes.io/managed-by": "Terraform",
                  "terraform.io/module": "terraform-aws-modules.eks.aws"
                },
                "name": "aws-auth",
                "namespace": "kube-system",
                "resource_version": "732",
                "uid": "b1b14803-da2a-4004-9371-e31dc7b5d487"
              }
            ]
          },
          "sensitive_attributes": [],
          "private": "bnVsbA==",
          "dependencies": [
            "aws_security_group.kubeginners_worker_group_one_sg",
            "data.aws_eks_cluster.kubeginners_cluster",
            "data.aws_eks_cluster_auth.kubeginners_cluster_auth",
            "data.aws_subnet_ids.subnets",
            "module.eks.aws_cloudwatch_log_group.this",
            "module.eks.aws_eks_cluster.this",
            "module.eks.aws_iam_instance_profile.workers",
            "module.eks.aws_iam_instance_profile.workers_launch_template",
            "module.eks.aws_iam_role.cluster",
            "module.eks.aws_iam_role.workers",
            "module.eks.aws_iam_role_policy_attachment.cluster_AmazonEKSClusterPolicy",
            "module.eks.aws_iam_role_policy_attachment.cluster_AmazonEKSServicePolicy",
            "module.eks.aws_iam_role_policy_attachment.cluster_AmazonEKSVPCResourceControllerPolicy",
            "module.eks.aws_iam_role_policy_attachment.workers_AmazonEC2ContainerRegistryReadOnly",
            "module.eks.aws_iam_role_policy_attachment.workers_AmazonEKSWorkerNodePolicy",
            "module.eks.aws_iam_role_policy_attachment.workers_AmazonEKS_CNI_Policy",
            "module.eks.aws_security_group.cluster",
            "module.eks.aws_security_group.workers",
            "module.eks.aws_security_group_rule.cluster_egress_internet",
            "module.eks.aws_security_group_rule.cluster_https_worker_ingress",
            "module.eks.aws_security_group_rule.cluster_private_access_cidrs_source",
            "module.eks.aws_security_group_rule.cluster_private_access_sg_source",
            "module.eks.data.aws_ami.eks_worker",
            "module.eks.data.aws_ami.eks_worker_windows",
            "module.eks.data.aws_caller_identity.current",
            "module.eks.data.aws_iam_instance_profile.custom_worker_group_iam_instance_profile",
            "module.eks.data.aws_iam_instance_profile.custom_worker_group_launch_template_iam_instance_profile",
            "module.eks.data.aws_iam_policy_document.cluster_assume_role_policy",
            "module.eks.data.aws_iam_policy_document.workers_assume_role_policy",
            "module.eks.data.aws_iam_role.custom_cluster_iam_role",
            "module.eks.data.aws_partition.current",
            "module.eks.data.http.wait_for_cluster",
            "module.eks.module.fargate.aws_iam_role.eks_fargate_pod",
            "module.eks.module.fargate.data.aws_iam_role.custom_fargate_iam_role"
          ]
        }
      ]
    },
    {
      "module": "module.eks",
      "mode": "managed",
      "type": "local_file",
      "name": "kubeconfig",
      "provider": "provider[\"registry.terraform.io/hashicorp/local\"]",
      "instances": [
        {
          "index_key": 0,
          "schema_version": 0,
          "attributes": {
            "content": "apiVersion: v1\npreferences: {}\nkind: Config\n\nclusters:\n- cluster:\n    server: https://5A0CDC49B8C2C82D9062A632C43BCADE.yl4.us-east-1.eks.amazonaws.com\n    certificate-authority-data: LS0tLS1CRUdJTiBDRVJUSUZJQ0FURS0tLS0tCk1JSUM1ekNDQWMrZ0F3SUJBZ0lCQURBTkJna3Foa2lHOXcwQkFRc0ZBREFWTVJNd0VRWURWUVFERXdwcmRXSmwKY201bGRHVnpNQjRYRFRJeU1EUXlPREE1TWprek1sb1hEVE15TURReU5UQTVNamt6TWxvd0ZURVRNQkVHQTFVRQpBeE1LYTNWaVpYSnVaWFJsY3pDQ0FTSXdEUVlKS29aSWh2Y05BUUVCQlFBRGdnRVBBRENDQVFvQ2dnRUJBTXB0ClRKRG5TTkZUMXdndHJBOEh2eEYvNVpsanpOL0tiZnhUMmtLcXRBMmtadWxOa3pscGhrdE5CWUxXRUIwVllkSm4KQ2hTQXh4MDBEeTRsOTA2Rnh6TlQyVWN0OE1VWTNVZlcvb1A5STFlelN3WWJGbWpiWGtCa29GZUhzSnRkbE1TdgpEalAvK0l2T1RLVWs1R2hVMlJMdmdkazU2V1hIaTQ1S28rdnQ4enlIWi9lbnVKSTM3WDloa0ZGLzNROEM1TW1DCkhkMjJycVdadC9XZllmcEFvM0xraTAwZFpGaWE4cFJhMDNNN1RwZVBCdlV0VElpcVdZWUF5Q1h0Q2pUWm9qbjEKd0Q0Q296cEpZTyt0TjRYamVkd2JXWHdXcUI0SG5vMHluT2ZuWXJZQkxpZEZNOVNLRktLVE92V2liT2RReE9HYgo5Y1Exc2hZT3l1N0ZOSlJqQi9zQ0F3RUFBYU5DTUVBd0RnWURWUjBQQVFIL0JBUURBZ0trTUE4R0ExVWRFd0VCCi93UUZNQU1CQWY4d0hRWURWUjBPQkJZRUZCaUxLR0dCdGtwTHF5QzZNYTBsbXMvcytEZWNNQTBHQ1NxR1NJYjMKRFFFQkN3VUFBNElCQVFDaEtyaXU3OUllOE8vLytMdjYzNktNdUl1S3B3UGlaeTkvWkl0anNNR2tVRmdXeThuSgp2M0RZYzZOMklURENpVXIvOXpMNWpHZEpsSSs4RzFyZ295YWYyTUw0MWpja3VxM2xNNnY3SkRWU3FyUEpsb1U3CldBWTZ5OFRZREpGbkJrT1VBWGxZME5XeS9YVjR1VUNzRTNaTURXbGcxTThudW9kWjNnM1l1RUVaN0RiRGVGU3oKVitKc1l0ZVk1cVlxS0d5TWxKSlNvbG8wZGpqNExqM3YyVlBBMWhRbWRwbXNabWxwU1pxSklacXE1UlhyblFUWApOYytDMkEzaDlqam04VVQwU2hna24vOXNtelkvdWVzRTN6eGlSRmgxZFJlV0R6SkdQS1o0UE5iUFhQNGl6dk00Ckh1amticENYamU2bUtLTzdLeTJORG81dmkzOWkwSCtzK2cxcAotLS0tLUVORCBDRVJUSUZJQ0FURS0tLS0tCg==\n  name: eks_eks-kubeginners\n\ncontexts:\n- context:\n    cluster: eks_eks-kubeginners\n    user: eks_eks-kubeginners\n  name: eks_eks-kubeginners\n\ncurrent-context: eks_eks-kubeginners\n\nusers:\n- name: eks_eks-kubeginners\n  user:\n    exec:\n      apiVersion: client.authentication.k8s.io/v1alpha1\n      command: aws-iam-authenticator\n      args:\n        - \"token\"\n        - \"-i\"\n        - \"eks-kubeginners\"\n",
            "content_base64": null,
            "directory_permission": "0755",
            "file_permission": "0600",
            "filename": "./kubeconfig_eks-kubeginners",
            "id": "1f09fe54e13fe22c03ca31a57fc437d030f3d74d",
            "sensitive_content": null,
            "source": null
          },
          "sensitive_attributes": [],
          "private": "bnVsbA==",
          "dependencies": [
            "data.aws_subnet_ids.subnets",
            "module.eks.aws_cloudwatch_log_group.this",
            "module.eks.aws_eks_cluster.this",
            "module.eks.aws_iam_role.cluster",
            "module.eks.aws_iam_role_policy_attachment.cluster_AmazonEKSClusterPolicy",
            "module.eks.aws_iam_role_policy_attachment.cluster_AmazonEKSServicePolicy",
            "module.eks.aws_iam_role_policy_attachment.cluster_AmazonEKSVPCResourceControllerPolicy",
            "module.eks.aws_security_group.cluster",
            "module.eks.aws_security_group.workers",
            "module.eks.aws_security_group_rule.cluster_egress_internet",
            "module.eks.aws_security_group_rule.cluster_https_worker_ingress",
            "module.eks.data.aws_iam_policy_document.cluster_assume_role_policy",
            "module.eks.data.aws_iam_role.custom_cluster_iam_role",
            "module.eks.data.aws_partition.current"
          ]
        }
      ]
    },
    {
      "module": "module.eks.module.fargate",
      "mode": "data",
      "type": "aws_partition",
      "name": "current",
      "provider": "provider[\"registry.terraform.io/hashicorp/aws\"]",
      "instances": [
        {
          "schema_version": 0,
          "attributes": {
            "dns_suffix": "amazonaws.com",
            "id": "aws",
            "partition": "aws",
            "reverse_dns_prefix": "com.amazonaws"
          },
          "sensitive_attributes": []
        }
      ]
    }
  ]
}
