{
  "version": 4,
  "terraform_version": "1.1.8",
  "serial": 65,
  "lineage": "1fd6cb76-366e-c366-3717-56d1153780ed",
  "outputs": {
    "cluster_endpoint": {
      "value": "https://9246A709441193FA47A650C407B49119.gr7.us-east-1.eks.amazonaws.com",
      "type": "string"
    },
    "cluster_id": {
      "value": "eks-kubeginners",
      "type": "string"
    },
    "cluster_name": {
      "value": "eks-kubeginners",
      "type": "string"
    },
    "cluster_security_group_id": {
      "value": "sg-0e3987d6218838c5c",
      "type": "string"
    },
    "kubectl_config": {
      "value": "apiVersion: v1\npreferences: {}\nkind: Config\n\nclusters:\n- cluster:\n    server: https://9246A709441193FA47A650C407B49119.gr7.us-east-1.eks.amazonaws.com\n    certificate-authority-data: LS0tLS1CRUdJTiBDRVJUSUZJQ0FURS0tLS0tCk1JSUM1ekNDQWMrZ0F3SUJBZ0lCQURBTkJna3Foa2lHOXcwQkFRc0ZBREFWTVJNd0VRWURWUVFERXdwcmRXSmwKY201bGRHVnpNQjRYRFRJeU1EUXlPREEwTlRrME9Gb1hEVE15TURReU5UQTBOVGswT0Zvd0ZURVRNQkVHQTFVRQpBeE1LYTNWaVpYSnVaWFJsY3pDQ0FTSXdEUVlKS29aSWh2Y05BUUVCQlFBRGdnRVBBRENDQVFvQ2dnRUJBTFpnCkJuemo1TjZWSWE2MWNBc0doSVRXRVVRL0Jsb3hSelRvTlJic3JiVmVGUitLenk0UXBhSlN2MFNDTmFmSmw4ejIKVURWSzUyemdvWDI4VUNJY3lWOGdZeGhPd0U5TDU5TzJCWndSRXh2RmpIZGdxOFJMM0V1eGNpNUU1MEtEL3pqRQpzWS9NYVA4bXJEY0kwbDZKU0tMS3RCQXBJNHkxcmFhaGhuZDRmaEtzdFlueFozWjdKRFlDdU1FQ3ZvZWRKQTBaCmozbmlvTjdtSVcydWhKSWtwVUFZWWViMTJSQTRURVZTMzgzRlhpUitwWFY1NjFjTVNScUVpTjdWVmlueFVCdGYKakNqZlpUU200TjlBSXZId0RGZjhWQ0I2V1g5YXFlL0pXcll5MU0xQ2UvTHAzWEdWanpEb2hMeVNNeVpLV2syNApGQ0x3SGJvZVBjQndsUEM2T1cwQ0F3RUFBYU5DTUVBd0RnWURWUjBQQVFIL0JBUURBZ0trTUE4R0ExVWRFd0VCCi93UUZNQU1CQWY4d0hRWURWUjBPQkJZRUZIVGRVVThMcDh4eTBtTWlGRlhtWmhyYWt0WlpNQTBHQ1NxR1NJYjMKRFFFQkN3VUFBNElCQVFBRDlFc2NUMWpOWGp6TTY4bHI3ZkVEUFNOcnBQaTdUdy91M24ydC9XYVpMMFEydHZTMQpTZHZMcWZoUHovNHgvR0JaTHJ0cHltZWVtSVl3Q3VVUmE2eTRNY1JudGxabWdTTWNNRS9Ubk52aGxlQ2MwRGM5CmJLc05xUWJEQ3hMZFdpcGh0bWM1MGFPZjI0S3lZR1A1bmNFOE1wMmQzYzdMRkJRRysvMFRsWmFndGxBUk5kUEEKWlVqZzR3cVhIT1pEMTV4TjAxYUpNOHpZdmNqWmtXVGhQOFQ1UVEwMVNkUmNPeXNYUnBkcjY3QUxBQnhkNFNoZApJMUZFMy9nN002dkpOczdCKzRIZERwcEhGQWV1RFFmcHFCMG9MSTBpM0FVMUdzemlZRUQyeXdsZ2ZFa0tNS1llCmdhdGZOb3Vqbkl1YXpUUkQ4YS80UHBnK0U1dzhVOUVLUkRXdAotLS0tLUVORCBDRVJUSUZJQ0FURS0tLS0tCg==\n  name: eks_eks-kubeginners\n\ncontexts:\n- context:\n    cluster: eks_eks-kubeginners\n    user: eks_eks-kubeginners\n  name: eks_eks-kubeginners\n\ncurrent-context: eks_eks-kubeginners\n\nusers:\n- name: eks_eks-kubeginners\n  user:\n    exec:\n      apiVersion: client.authentication.k8s.io/v1alpha1\n      command: aws-iam-authenticator\n      args:\n        - \"token\"\n        - \"-i\"\n        - \"eks-kubeginners\"\n",
      "type": "string"
    }
  },
  "resources": [
    {
      "mode": "data",
      "type": "aws_eks_cluster",
      "name": "kubeginners_cluster",
      "provider": "provider[\"registry.terraform.io/hashicorp/aws\"]",
      "instances": [
        {
          "schema_version": 0,
          "attributes": {
            "arn": "arn:aws:eks:us-east-1:966185979698:cluster/eks-kubeginners",
            "certificate_authority": [
              {
                "data": "LS0tLS1CRUdJTiBDRVJUSUZJQ0FURS0tLS0tCk1JSUM1ekNDQWMrZ0F3SUJBZ0lCQURBTkJna3Foa2lHOXcwQkFRc0ZBREFWTVJNd0VRWURWUVFERXdwcmRXSmwKY201bGRHVnpNQjRYRFRJeU1EUXlPREEwTlRrME9Gb1hEVE15TURReU5UQTBOVGswT0Zvd0ZURVRNQkVHQTFVRQpBeE1LYTNWaVpYSnVaWFJsY3pDQ0FTSXdEUVlKS29aSWh2Y05BUUVCQlFBRGdnRVBBRENDQVFvQ2dnRUJBTFpnCkJuemo1TjZWSWE2MWNBc0doSVRXRVVRL0Jsb3hSelRvTlJic3JiVmVGUitLenk0UXBhSlN2MFNDTmFmSmw4ejIKVURWSzUyemdvWDI4VUNJY3lWOGdZeGhPd0U5TDU5TzJCWndSRXh2RmpIZGdxOFJMM0V1eGNpNUU1MEtEL3pqRQpzWS9NYVA4bXJEY0kwbDZKU0tMS3RCQXBJNHkxcmFhaGhuZDRmaEtzdFlueFozWjdKRFlDdU1FQ3ZvZWRKQTBaCmozbmlvTjdtSVcydWhKSWtwVUFZWWViMTJSQTRURVZTMzgzRlhpUitwWFY1NjFjTVNScUVpTjdWVmlueFVCdGYKakNqZlpUU200TjlBSXZId0RGZjhWQ0I2V1g5YXFlL0pXcll5MU0xQ2UvTHAzWEdWanpEb2hMeVNNeVpLV2syNApGQ0x3SGJvZVBjQndsUEM2T1cwQ0F3RUFBYU5DTUVBd0RnWURWUjBQQVFIL0JBUURBZ0trTUE4R0ExVWRFd0VCCi93UUZNQU1CQWY4d0hRWURWUjBPQkJZRUZIVGRVVThMcDh4eTBtTWlGRlhtWmhyYWt0WlpNQTBHQ1NxR1NJYjMKRFFFQkN3VUFBNElCQVFBRDlFc2NUMWpOWGp6TTY4bHI3ZkVEUFNOcnBQaTdUdy91M24ydC9XYVpMMFEydHZTMQpTZHZMcWZoUHovNHgvR0JaTHJ0cHltZWVtSVl3Q3VVUmE2eTRNY1JudGxabWdTTWNNRS9Ubk52aGxlQ2MwRGM5CmJLc05xUWJEQ3hMZFdpcGh0bWM1MGFPZjI0S3lZR1A1bmNFOE1wMmQzYzdMRkJRRysvMFRsWmFndGxBUk5kUEEKWlVqZzR3cVhIT1pEMTV4TjAxYUpNOHpZdmNqWmtXVGhQOFQ1UVEwMVNkUmNPeXNYUnBkcjY3QUxBQnhkNFNoZApJMUZFMy9nN002dkpOczdCKzRIZERwcEhGQWV1RFFmcHFCMG9MSTBpM0FVMUdzemlZRUQyeXdsZ2ZFa0tNS1llCmdhdGZOb3Vqbkl1YXpUUkQ4YS80UHBnK0U1dzhVOUVLUkRXdAotLS0tLUVORCBDRVJUSUZJQ0FURS0tLS0tCg=="
              }
            ],
            "created_at": "2022-04-28 04:53:29.686 +0000 UTC",
            "enabled_cluster_log_types": [],
            "endpoint": "https://9246A709441193FA47A650C407B49119.gr7.us-east-1.eks.amazonaws.com",
            "id": "eks-kubeginners",
            "identity": [
              {
                "oidc": [
                  {
                    "issuer": "https://oidc.eks.us-east-1.amazonaws.com/id/9246A709441193FA47A650C407B49119"
                  }
                ]
              }
            ],
            "kubernetes_network_config": [
              {
                "ip_family": "ipv4",
                "service_ipv4_cidr": "10.100.0.0/16"
              }
            ],
            "name": "eks-kubeginners",
            "platform_version": "eks.5",
            "role_arn": "arn:aws:iam::966185979698:role/eks-kubeginners20220428045325833700000003",
            "status": "ACTIVE",
            "tags": {
              "Name": "kubeginners-cluster"
            },
            "version": "1.20",
            "vpc_config": [
              {
                "cluster_security_group_id": "sg-0f411e4f926be1e6d",
                "endpoint_private_access": false,
                "endpoint_public_access": true,
                "public_access_cidrs": [
                  "0.0.0.0/0"
                ],
                "security_group_ids": [
                  "sg-0e3987d6218838c5c"
                ],
                "subnet_ids": [
                  "subnet-01ea5fece26b182d7",
                  "subnet-039d7bd1c43f973cc"
                ],
                "vpc_id": "vpc-0f82992e109fea8f9"
              }
            ]
          },
          "sensitive_attributes": []
        }
      ]
    },
    {
      "mode": "data",
      "type": "aws_eks_cluster_auth",
      "name": "kubeginners_cluster_auth",
      "provider": "provider[\"registry.terraform.io/hashicorp/aws\"]",
      "instances": [
        {
          "schema_version": 0,
          "attributes": {
            "id": "eks-kubeginners",
            "name": "eks-kubeginners",
            "token": "k8s-aws-v1.aHR0cHM6Ly9zdHMuYW1hem9uYXdzLmNvbS8_QWN0aW9uPUdldENhbGxlcklkZW50aXR5JlZlcnNpb249MjAxMS0wNi0xNSZYLUFtei1BbGdvcml0aG09QVdTNC1ITUFDLVNIQTI1NiZYLUFtei1DcmVkZW50aWFsPUFTSUE2QjVKTUI0WkI0NUdZM0FBJTJGMjAyMjA0MjglMkZ1cy1lYXN0LTElMkZzdHMlMkZhd3M0X3JlcXVlc3QmWC1BbXotRGF0ZT0yMDIyMDQyOFQwNjQzNDRaJlgtQW16LUV4cGlyZXM9MCZYLUFtei1TZWN1cml0eS1Ub2tlbj1JUW9KYjNKcFoybHVYMlZqRUJZYURHVjFMV05sYm5SeVlXd3RNU0pITUVVQ0lRQzJLMUxjbVc2NGRiZWxqWFNNS05kY1p3bCUyQlVTZElyUjhxb1pncUJHSSUyRkp3SWdWRUFVYnAlMkJraUlDbjFQd1YwR281aWk3R201VVFEVmN6MWlHJTJCMHhkd1R0VXFwQU1JeiUyRiUyRiUyRiUyRiUyRiUyRiUyRiUyRiUyRiUyRiUyRkFSQUFHZ3c1TmpZeE9EVTVOemsyT1RnaUREbEo2ZmpFZWsyODh6T3BLU3I0QWc5YmFiUWE0alg2NFg5NyUyRm9VMUZTOTM0YnB0eGhGUEt3VmJ1b2NpMXZuRGt0OG5heXlKT1BYTG0xaVA2SUoyRGR1SDQwN2JsZlZjekhVWnJHZUVlYmdFUVdrbU1wTkZTQWhTaWsxeHVmUzBkc2NhSWowOWpvYWZBSWdzajMwcE9lSGY0MndQU3VaUUdoQlA4MkxtSnVSMHd2U1clMkZ4TEZZNG5qVUl4VSUyQlZZbm1lUGFWZE9WVU9Md1YlMkJZeHowUWp1dExUWXZmUWZzTmVvSUdRTGtDR3MxSjF4MjRVVCUyQlhGdkNpbE5rcmJOZzBuWUw5JTJCMVglMkZ5SVBkYWdzQUFQaVB5JTJGRiUyRjNJdjRCU2psbUxTakhoZ09sN0MlMkJORHlmUyUyRnVvcWxNSjI5JTJCYjZnZkV4c1JFdDdza3dCRHVrZEx5WnpkemNQb1JhbTY2dU5EWHR0RzYyMUZmWVh5N3YlMkJRc09JVDlhem9uODdoaXV5ZjVHYklqd0ptRHdzJTJCVmljczBWWThRdHklMkJBWU85a0FtR2J1M3F6Rm0lMkJwODVrMG4zT2pCMXhOamtja2xDcHNQekRFUDN2bHpLcUVPWmMlMkZOUDJRYk1kRGNLTlpBJTJCVUpFbDY0TWE0ZDFQZE0lMkJhQ2hnTWM2YUwwbEl2ZG40Y2JuWXRGdDV0M0ZUMGc5NVRPTXd6OXlva3dZNnBnRWtNQVpjemRXNVJzYXZWMFlDbkg2eUlrSDNDcHNtOGlRRWJzeW1tcWJoUVpmdklYSVZjdVR4b1ZsSTQyMUxUOTFUbFoxaCUyRmJvbiUyRkNSVHQ0QnRhRWYzUlFjNTh3QWtYQndoUGclMkJ6ZUFzdlhvMlVSa0JONGFWSm5vclBZN1hqUWF1WXB0JTJCd2piZXNuYW16SFJETWY2Zm9Jc1VZJTJCSzZJRGFmWSUyRiUyRkVFd3RuZzhNSnRicFVFJTJCTTRMSTNaOUljTGlxTFZaSHI1MThzQ05CcyUyRlRQdVdvaUZ6c3BPeSUyQjlvVmcmWC1BbXotU2lnbmVkSGVhZGVycz1ob3N0JTNCeC1rOHMtYXdzLWlkJlgtQW16LVNpZ25hdHVyZT05MTY1MmE3NDMzYTY5NWZhZWQyN2UxMjY1MTA5M2U0NjgyMjJmYmVlYTkzZDcwMzUzODQ1ZGIzNzEzZjkwYjE4"
          },
          "sensitive_attributes": []
        }
      ]
    },
    {
      "mode": "data",
      "type": "aws_subnet_ids",
      "name": "subnets",
      "provider": "provider[\"registry.terraform.io/hashicorp/aws\"]",
      "instances": [
        {
          "schema_version": 0,
          "attributes": {
            "filter": null,
            "id": "vpc-0f82992e109fea8f9",
            "ids": [
              "subnet-01ea5fece26b182d7",
              "subnet-039d7bd1c43f973cc",
              "subnet-0639992b937e38085",
              "subnet-071b84ac0d96c7bc7",
              "subnet-0b1c442024c095ec9",
              "subnet-0f3d2fd41ea041c55"
            ],
            "tags": null,
            "vpc_id": "vpc-0f82992e109fea8f9"
          },
          "sensitive_attributes": []
        }
      ]
    },
    {
      "mode": "managed",
      "type": "aws_security_group",
      "name": "all_worker_mgmt",
      "provider": "provider[\"registry.terraform.io/hashicorp/aws\"]",
      "instances": [
        {
          "schema_version": 1,
          "attributes": {
            "arn": "arn:aws:ec2:us-east-1:966185979698:security-group/sg-0996e21cc978061f3",
            "description": "Managed by Terraform",
            "egress": [],
            "id": "sg-0996e21cc978061f3",
            "ingress": [
              {
                "cidr_blocks": [
                  "0.0.0.0/0"
                ],
                "description": "",
                "from_port": 80,
                "ipv6_cidr_blocks": [],
                "prefix_list_ids": [],
                "protocol": "tcp",
                "security_groups": [],
                "self": false,
                "to_port": 80
              }
            ],
            "name": "all_worker_management20220427091032413200000007",
            "name_prefix": "all_worker_management",
            "owner_id": "966185979698",
            "revoke_rules_on_delete": false,
            "tags": {},
            "tags_all": {},
            "timeouts": null,
            "vpc_id": "vpc-0f82992e109fea8f9"
          },
          "sensitive_attributes": [],
          "private": "eyJlMmJmYjczMC1lY2FhLTExZTYtOGY4OC0zNDM2M2JjN2M0YzAiOnsiY3JlYXRlIjo2MDAwMDAwMDAwMDAsImRlbGV0ZSI6OTAwMDAwMDAwMDAwfSwic2NoZW1hX3ZlcnNpb24iOiIxIn0="
        }
      ]
    },
    {
      "mode": "managed",
      "type": "aws_security_group",
      "name": "kubeginners_worker_group_one_sg",
      "provider": "provider[\"registry.terraform.io/hashicorp/aws\"]",
      "instances": [
        {
          "schema_version": 1,
          "attributes": {
            "arn": "arn:aws:ec2:us-east-1:966185979698:security-group/sg-0639aa5adb65cf331",
            "description": "Managed by Terraform",
            "egress": [],
            "id": "sg-0639aa5adb65cf331",
            "ingress": [
              {
                "cidr_blocks": [
                  "0.0.0.0/0"
                ],
                "description": "",
                "from_port": 22,
                "ipv6_cidr_blocks": [],
                "prefix_list_ids": [],
                "protocol": "tcp",
                "security_groups": [],
                "self": false,
                "to_port": 22
              }
            ],
            "name": "worker_group_mgmt_one20220427091032412200000006",
            "name_prefix": "worker_group_mgmt_one",
            "owner_id": "966185979698",
            "revoke_rules_on_delete": false,
            "tags": {},
            "tags_all": {},
            "timeouts": null,
            "vpc_id": "vpc-0f82992e109fea8f9"
          },
          "sensitive_attributes": [],
          "private": "eyJlMmJmYjczMC1lY2FhLTExZTYtOGY4OC0zNDM2M2JjN2M0YzAiOnsiY3JlYXRlIjo2MDAwMDAwMDAwMDAsImRlbGV0ZSI6OTAwMDAwMDAwMDAwfSwic2NoZW1hX3ZlcnNpb24iOiIxIn0=",
          "create_before_destroy": true
        }
      ]
    },
    {
      "mode": "managed",
      "type": "kubernetes_deployment",
      "name": "kubeginners-app",
      "provider": "provider[\"registry.terraform.io/hashicorp/kubernetes\"]",
      "instances": [
        {
          "status": "tainted",
          "schema_version": 1,
          "attributes": {
            "id": "default/kubeginners-app-deployment",
            "metadata": [
              {
                "annotations": null,
                "generate_name": "",
                "generation": 0,
                "labels": {
                  "App": "kubeginners-app"
                },
                "name": "kubeginners-app-deployment",
                "namespace": "default",
                "resource_version": "",
                "uid": ""
              }
            ],
            "spec": [
              {
                "min_ready_seconds": 0,
                "paused": false,
                "progress_deadline_seconds": 600,
                "replicas": "2",
                "revision_history_limit": 10,
                "selector": [
                  {
                    "match_expressions": [],
                    "match_labels": {
                      "App": "kubeginners-app"
                    }
                  }
                ],
                "strategy": [],
                "template": [
                  {
                    "metadata": [
                      {
                        "annotations": null,
                        "generate_name": "",
                        "generation": 0,
                        "labels": {
                          "App": "kubeginners-app"
                        },
                        "name": "",
                        "namespace": "",
                        "resource_version": "",
                        "uid": ""
                      }
                    ],
                    "spec": [
                      {
                        "active_deadline_seconds": 0,
                        "affinity": [],
                        "automount_service_account_token": true,
                        "container": [
                          {
                            "args": null,
                            "command": null,
                            "env": [],
                            "env_from": [],
                            "image": "hemanth0407/todo-app-kubeginners:v1",
                            "image_pull_policy": "",
                            "lifecycle": [],
                            "liveness_probe": [],
                            "name": "app",
                            "port": [
                              {
                                "container_port": 80,
                                "host_ip": "",
                                "host_port": 0,
                                "name": "",
                                "protocol": "TCP"
                              }
                            ],
                            "readiness_probe": [],
                            "resources": [],
                            "security_context": [],
                            "startup_probe": [],
                            "stdin": false,
                            "stdin_once": false,
                            "termination_message_path": "/dev/termination-log",
                            "termination_message_policy": "",
                            "tty": false,
                            "volume_mount": [],
                            "working_dir": ""
                          }
                        ],
                        "dns_config": [],
                        "dns_policy": "ClusterFirst",
                        "enable_service_links": true,
                        "host_aliases": [],
                        "host_ipc": false,
                        "host_network": false,
                        "host_pid": false,
                        "hostname": "",
                        "image_pull_secrets": [],
                        "init_container": [],
                        "node_name": "",
                        "node_selector": null,
                        "priority_class_name": "",
                        "readiness_gate": [],
                        "restart_policy": "Always",
                        "security_context": [],
                        "service_account_name": "",
                        "share_process_namespace": false,
                        "subdomain": "",
                        "termination_grace_period_seconds": 30,
                        "toleration": [],
                        "topology_spread_constraint": [],
                        "volume": []
                      }
                    ]
                  }
                ]
              }
            ],
            "timeouts": null,
            "wait_for_rollout": true
          },
          "sensitive_attributes": [],
          "private": "eyJlMmJmYjczMC1lY2FhLTExZTYtOGY4OC0zNDM2M2JjN2M0YzAiOnsiY3JlYXRlIjo2MDAwMDAwMDAwMDAsImRlbGV0ZSI6NjAwMDAwMDAwMDAwLCJ1cGRhdGUiOjYwMDAwMDAwMDAwMH0sInNjaGVtYV92ZXJzaW9uIjoiMSJ9",
          "dependencies": [
            "data.aws_eks_cluster.kubeginners_cluster",
            "data.aws_eks_cluster_auth.kubeginners_cluster_auth"
          ]
        }
      ]
    },
    {
      "mode": "managed",
      "type": "kubernetes_service",
      "name": "kubeginners-app",
      "provider": "provider[\"registry.terraform.io/hashicorp/kubernetes\"]",
      "instances": [
        {
          "schema_version": 1,
          "attributes": {
            "id": "default/kubeginners-app-svc",
            "metadata": [
              {
                "annotations": null,
                "generate_name": "",
                "generation": 0,
                "labels": null,
                "name": "kubeginners-app-svc",
                "namespace": "default",
                "resource_version": "11860",
                "uid": "0714d2ee-6348-4eef-98cb-531ba6d71ab7"
              }
            ],
            "spec": [
              {
                "cluster_ip": "10.100.89.58",
                "external_ips": null,
                "external_name": "",
                "external_traffic_policy": "Cluster",
                "health_check_node_port": 0,
                "load_balancer_ip": "",
                "load_balancer_source_ranges": null,
                "port": [
                  {
                    "app_protocol": "",
                    "name": "",
                    "node_port": 30966,
                    "port": 80,
                    "protocol": "TCP",
                    "target_port": "80"
                  }
                ],
                "publish_not_ready_addresses": false,
                "selector": {
                  "App": "kubeginners-app"
                },
                "session_affinity": "None",
                "type": "LoadBalancer"
              }
            ],
            "status": [
              {
                "load_balancer": [
                  {
                    "ingress": [
                      {
                        "hostname": "a0714d2ee63484eef98cb531ba6d71ab-863210400.us-east-1.elb.amazonaws.com",
                        "ip": ""
                      }
                    ]
                  }
                ]
              }
            ],
            "timeouts": null,
            "wait_for_load_balancer": true
          },
          "sensitive_attributes": [],
          "private": "eyJlMmJmYjczMC1lY2FhLTExZTYtOGY4OC0zNDM2M2JjN2M0YzAiOnsiY3JlYXRlIjo2MDAwMDAwMDAwMDB9LCJzY2hlbWFfdmVyc2lvbiI6IjEifQ==",
          "dependencies": [
            "data.aws_eks_cluster.kubeginners_cluster",
            "data.aws_eks_cluster_auth.kubeginners_cluster_auth"
          ]
        }
      ]
    },
    {
      "module": "module.eks",
      "mode": "data",
      "type": "aws_ami",
      "name": "eks_worker",
      "provider": "provider[\"registry.terraform.io/hashicorp/aws\"]",
      "instances": [
        {
          "index_key": 0,
          "schema_version": 0,
          "attributes": {
            "architecture": "x86_64",
            "arn": "arn:aws:ec2:us-east-1::image/ami-01a09362cdb8f50b3",
            "block_device_mappings": [
              {
                "device_name": "/dev/xvda",
                "ebs": {
                  "delete_on_termination": "true",
                  "encrypted": "false",
                  "iops": "0",
                  "snapshot_id": "snap-04a2a0457edb397fc",
                  "throughput": "0",
                  "volume_size": "20",
                  "volume_type": "gp2"
                },
                "no_device": "",
                "virtual_name": ""
              }
            ],
            "boot_mode": "",
            "creation_date": "2022-04-22T17:43:41.000Z",
            "description": "EKS Kubernetes Worker AMI with AmazonLinux2 image, (k8s: 1.20.11, docker: 20.10.13-2.amzn2, containerd: 1.4.13-2.amzn2.0.1)",
            "ena_support": true,
            "executable_users": null,
            "filter": [
              {
                "name": "name",
                "values": [
                  "amazon-eks-node-1.20-v*"
                ]
              }
            ],
            "hypervisor": "xen",
            "id": "ami-01a09362cdb8f50b3",
            "image_id": "ami-01a09362cdb8f50b3",
            "image_location": "amazon/amazon-eks-node-1.20-v20220421",
            "image_owner_alias": "amazon",
            "image_type": "machine",
            "kernel_id": null,
            "most_recent": true,
            "name": "amazon-eks-node-1.20-v20220421",
            "name_regex": null,
            "owner_id": "602401143452",
            "owners": [
              "amazon"
            ],
            "platform": null,
            "platform_details": "Linux/UNIX",
            "product_codes": [],
            "public": true,
            "ramdisk_id": null,
            "root_device_name": "/dev/xvda",
            "root_device_type": "ebs",
            "root_snapshot_id": "snap-04a2a0457edb397fc",
            "sriov_net_support": "simple",
            "state": "available",
            "state_reason": {
              "code": "UNSET",
              "message": "UNSET"
            },
            "tags": {},
            "usage_operation": "RunInstances",
            "virtualization_type": "hvm"
          },
          "sensitive_attributes": []
        }
      ]
    },
    {
      "module": "module.eks",
      "mode": "data",
      "type": "aws_caller_identity",
      "name": "current",
      "provider": "provider[\"registry.terraform.io/hashicorp/aws\"]",
      "instances": [
        {
          "schema_version": 0,
          "attributes": {
            "account_id": "966185979698",
            "arn": "arn:aws:sts::966185979698:assumed-role/AWSReservedSSO_Admin-Account-Access_88ff45129cf2c9f4/sandra.r@thoughtworks.com",
            "id": "966185979698",
            "user_id": "AROA6B5JMB4ZNMQV64Q6T:sandra.r@thoughtworks.com"
          },
          "sensitive_attributes": []
        }
      ]
    },
    {
      "module": "module.eks",
      "mode": "data",
      "type": "aws_iam_policy_document",
      "name": "cluster_assume_role_policy",
      "provider": "provider[\"registry.terraform.io/hashicorp/aws\"]",
      "instances": [
        {
          "schema_version": 0,
          "attributes": {
            "id": "2764486067",
            "json": "{\n  \"Version\": \"2012-10-17\",\n  \"Statement\": [\n    {\n      \"Sid\": \"EKSClusterAssumeRole\",\n      \"Effect\": \"Allow\",\n      \"Action\": \"sts:AssumeRole\",\n      \"Principal\": {\n        \"Service\": \"eks.amazonaws.com\"\n      }\n    }\n  ]\n}",
            "override_json": null,
            "override_policy_documents": null,
            "policy_id": null,
            "source_json": null,
            "source_policy_documents": null,
            "statement": [
              {
                "actions": [
                  "sts:AssumeRole"
                ],
                "condition": [],
                "effect": "Allow",
                "not_actions": [],
                "not_principals": [],
                "not_resources": [],
                "principals": [
                  {
                    "identifiers": [
                      "eks.amazonaws.com"
                    ],
                    "type": "Service"
                  }
                ],
                "resources": [],
                "sid": "EKSClusterAssumeRole"
              }
            ],
            "version": "2012-10-17"
          },
          "sensitive_attributes": []
        }
      ]
    },
    {
      "module": "module.eks",
      "mode": "data",
      "type": "aws_iam_policy_document",
      "name": "cluster_deny_log_group",
      "provider": "provider[\"registry.terraform.io/hashicorp/aws\"]",
      "instances": [
        {
          "index_key": 0,
          "schema_version": 0,
          "attributes": {
            "id": "2675893060",
            "json": "{\n  \"Version\": \"2012-10-17\",\n  \"Statement\": [\n    {\n      \"Sid\": \"\",\n      \"Effect\": \"Deny\",\n      \"Action\": \"logs:CreateLogGroup\",\n      \"Resource\": \"*\"\n    }\n  ]\n}",
            "override_json": null,
            "override_policy_documents": null,
            "policy_id": null,
            "source_json": null,
            "source_policy_documents": null,
            "statement": [
              {
                "actions": [
                  "logs:CreateLogGroup"
                ],
                "condition": [],
                "effect": "Deny",
                "not_actions": [],
                "not_principals": [],
                "not_resources": [],
                "principals": [],
                "resources": [
                  "*"
                ],
                "sid": ""
              }
            ],
            "version": "2012-10-17"
          },
          "sensitive_attributes": []
        }
      ]
    },
    {
      "module": "module.eks",
      "mode": "data",
      "type": "aws_iam_policy_document",
      "name": "cluster_elb_sl_role_creation",
      "provider": "provider[\"registry.terraform.io/hashicorp/aws\"]",
      "instances": [
        {
          "index_key": 0,
          "schema_version": 0,
          "attributes": {
            "id": "3709839417",
            "json": "{\n  \"Version\": \"2012-10-17\",\n  \"Statement\": [\n    {\n      \"Sid\": \"\",\n      \"Effect\": \"Allow\",\n      \"Action\": [\n        \"ec2:DescribeInternetGateways\",\n        \"ec2:DescribeAddresses\",\n        \"ec2:DescribeAccountAttributes\"\n      ],\n      \"Resource\": \"*\"\n    }\n  ]\n}",
            "override_json": null,
            "override_policy_documents": null,
            "policy_id": null,
            "source_json": null,
            "source_policy_documents": null,
            "statement": [
              {
                "actions": [
                  "ec2:DescribeAccountAttributes",
                  "ec2:DescribeAddresses",
                  "ec2:DescribeInternetGateways"
                ],
                "condition": [],
                "effect": "Allow",
                "not_actions": [],
                "not_principals": [],
                "not_resources": [],
                "principals": [],
                "resources": [
                  "*"
                ],
                "sid": ""
              }
            ],
            "version": "2012-10-17"
          },
          "sensitive_attributes": []
        }
      ]
    },
    {
      "module": "module.eks",
      "mode": "data",
      "type": "aws_iam_policy_document",
      "name": "workers_assume_role_policy",
      "provider": "provider[\"registry.terraform.io/hashicorp/aws\"]",
      "instances": [
        {
          "schema_version": 0,
          "attributes": {
            "id": "3778018924",
            "json": "{\n  \"Version\": \"2012-10-17\",\n  \"Statement\": [\n    {\n      \"Sid\": \"EKSWorkerAssumeRole\",\n      \"Effect\": \"Allow\",\n      \"Action\": \"sts:AssumeRole\",\n      \"Principal\": {\n        \"Service\": \"ec2.amazonaws.com\"\n      }\n    }\n  ]\n}",
            "override_json": null,
            "override_policy_documents": null,
            "policy_id": null,
            "source_json": null,
            "source_policy_documents": null,
            "statement": [
              {
                "actions": [
                  "sts:AssumeRole"
                ],
                "condition": [],
                "effect": "Allow",
                "not_actions": [],
                "not_principals": [],
                "not_resources": [],
                "principals": [
                  {
                    "identifiers": [
                      "ec2.amazonaws.com"
                    ],
                    "type": "Service"
                  }
                ],
                "resources": [],
                "sid": "EKSWorkerAssumeRole"
              }
            ],
            "version": "2012-10-17"
          },
          "sensitive_attributes": []
        }
      ]
    },
    {
      "module": "module.eks",
      "mode": "data",
      "type": "aws_partition",
      "name": "current",
      "provider": "provider[\"registry.terraform.io/hashicorp/aws\"]",
      "instances": [
        {
          "schema_version": 0,
          "attributes": {
            "dns_suffix": "amazonaws.com",
            "id": "aws",
            "partition": "aws",
            "reverse_dns_prefix": "com.amazonaws"
          },
          "sensitive_attributes": []
        }
      ]
    },
    {
      "module": "module.eks",
      "mode": "data",
      "type": "http",
      "name": "wait_for_cluster",
      "provider": "provider[\"registry.terraform.io/terraform-aws-modules/http\"]",
      "instances": [
        {
          "index_key": 0,
          "schema_version": 0,
          "attributes": {
            "body": "ok",
            "ca_certificate": "-----BEGIN CERTIFICATE-----\nMIIC5zCCAc+gAwIBAgIBADANBgkqhkiG9w0BAQsFADAVMRMwEQYDVQQDEwprdWJl\ncm5ldGVzMB4XDTIyMDQyODA0NTk0OFoXDTMyMDQyNTA0NTk0OFowFTETMBEGA1UE\nAxMKa3ViZXJuZXRlczCCASIwDQYJKoZIhvcNAQEBBQADggEPADCCAQoCggEBALZg\nBnzj5N6VIa61cAsGhITWEUQ/BloxRzToNRbsrbVeFR+Kzy4QpaJSv0SCNafJl8z2\nUDVK52zgoX28UCIcyV8gYxhOwE9L59O2BZwRExvFjHdgq8RL3Euxci5E50KD/zjE\nsY/MaP8mrDcI0l6JSKLKtBApI4y1raahhnd4fhKstYnxZ3Z7JDYCuMECvoedJA0Z\nj3nioN7mIW2uhJIkpUAYYeb12RA4TEVS383FXiR+pXV561cMSRqEiN7VVinxUBtf\njCjfZTSm4N9AIvHwDFf8VCB6WX9aqe/JWrYy1M1Ce/Lp3XGVjzDohLySMyZKWk24\nFCLwHboePcBwlPC6OW0CAwEAAaNCMEAwDgYDVR0PAQH/BAQDAgKkMA8GA1UdEwEB\n/wQFMAMBAf8wHQYDVR0OBBYEFHTdUU8Lp8xy0mMiFFXmZhraktZZMA0GCSqGSIb3\nDQEBCwUAA4IBAQAD9EscT1jNXjzM68lr7fEDPSNrpPi7Tw/u3n2t/WaZL0Q2tvS1\nSdvLqfhPz/4x/GBZLrtpymeemIYwCuURa6y4McRntlZmgSMcME/TnNvhleCc0Dc9\nbKsNqQbDCxLdWiphtmc50aOf24KyYGP5ncE8Mp2d3c7LFBQG+/0TlZagtlARNdPA\nZUjg4wqXHOZD15xN01aJM8zYvcjZkWThP8T5QQ01SdRcOysXRpdr67ALABxd4Shd\nI1FE3/g7M6vJNs7B+4HdDppHFAeuDQfpqB0oLI0i3AU1GsziYED2ywlgfEkKMKYe\ngatfNoujnIuazTRD8a/4Ppg+E5w8U9EKRDWt\n-----END CERTIFICATE-----\n",
            "id": "https://9246A709441193FA47A650C407B49119.gr7.us-east-1.eks.amazonaws.com/healthz",
            "insecure": false,
            "request_headers": null,
            "response_headers": {
              "Cache-Control": "no-cache, private",
              "Content-Length": "2",
              "Content-Type": "text/plain; charset=utf-8",
              "Date": "Thu, 28 Apr 2022 06:43:44 GMT",
              "X-Content-Type-Options": "nosniff",
              "X-Kubernetes-Pf-Flowschema-Uid": "673ae5e9-dbf1-4215-a1f5-cb3a19ac89f2",
              "X-Kubernetes-Pf-Prioritylevel-Uid": "0c6102d3-e157-4e60-b99c-84513a43d799"
            },
            "timeout": 300,
            "url": "https://9246A709441193FA47A650C407B49119.gr7.us-east-1.eks.amazonaws.com/healthz"
          },
          "sensitive_attributes": []
        }
      ]
    },
    {
      "module": "module.eks",
      "mode": "managed",
      "type": "aws_autoscaling_group",
      "name": "workers",
      "provider": "provider[\"registry.terraform.io/hashicorp/aws\"]",
      "instances": [
        {
          "index_key": 0,
          "schema_version": 0,
          "attributes": {
            "arn": "arn:aws:autoscaling:us-east-1:966185979698:autoScalingGroup:28fba553-d06e-4b73-bf9c-ace533cca8fa:autoScalingGroupName/eks-kubeginners-worker-group-12022042805035902290000000f",
            "availability_zones": [
              "us-east-1c",
              "us-east-1f"
            ],
            "capacity_rebalance": false,
            "default_cooldown": 300,
            "desired_capacity": 2,
            "enabled_metrics": [],
            "force_delete": false,
            "force_delete_warm_pool": false,
            "health_check_grace_period": 300,
            "health_check_type": "EC2",
            "id": "eks-kubeginners-worker-group-12022042805035902290000000f",
            "initial_lifecycle_hook": [],
            "instance_refresh": [],
            "launch_configuration": "eks-kubeginners-worker-group-120220428051909231800000001",
            "launch_template": [],
            "load_balancers": [],
            "max_instance_lifetime": 0,
            "max_size": 3,
            "metrics_granularity": "1Minute",
            "min_elb_capacity": null,
            "min_size": 1,
            "mixed_instances_policy": [],
            "name": "eks-kubeginners-worker-group-12022042805035902290000000f",
            "name_prefix": "eks-kubeginners-worker-group-1",
            "placement_group": "",
            "protect_from_scale_in": false,
            "service_linked_role_arn": "arn:aws:iam::966185979698:role/aws-service-role/autoscaling.amazonaws.com/AWSServiceRoleForAutoScaling",
            "suspended_processes": [
              "AZRebalance"
            ],
            "tag": [
              {
                "key": "Name",
                "propagate_at_launch": true,
                "value": "eks-kubeginners-worker-group-1-eks_asg"
              },
              {
                "key": "k8s.io/cluster/eks-kubeginners",
                "propagate_at_launch": true,
                "value": "owned"
              },
              {
                "key": "kubernetes.io/cluster/eks-kubeginners",
                "propagate_at_launch": true,
                "value": "owned"
              }
            ],
            "tags": null,
            "target_group_arns": [],
            "termination_policies": [],
            "timeouts": null,
            "vpc_zone_identifier": [
              "subnet-01ea5fece26b182d7",
              "subnet-039d7bd1c43f973cc"
            ],
            "wait_for_capacity_timeout": "10m",
            "wait_for_elb_capacity": null,
            "warm_pool": []
          },
          "sensitive_attributes": [],
          "private": "eyJlMmJmYjczMC1lY2FhLTExZTYtOGY4OC0zNDM2M2JjN2M0YzAiOnsiZGVsZXRlIjo2MDAwMDAwMDAwMDB9fQ==",
          "dependencies": [
            "aws_security_group.kubeginners_worker_group_one_sg",
            "data.aws_subnet_ids.subnets",
            "module.eks.aws_cloudwatch_log_group.this",
            "module.eks.aws_eks_cluster.this",
            "module.eks.aws_iam_instance_profile.workers",
            "module.eks.aws_iam_role.cluster",
            "module.eks.aws_iam_role.workers",
            "module.eks.aws_iam_role_policy_attachment.cluster_AmazonEKSClusterPolicy",
            "module.eks.aws_iam_role_policy_attachment.cluster_AmazonEKSServicePolicy",
            "module.eks.aws_iam_role_policy_attachment.cluster_AmazonEKSVPCResourceControllerPolicy",
            "module.eks.aws_iam_role_policy_attachment.workers_AmazonEC2ContainerRegistryReadOnly",
            "module.eks.aws_iam_role_policy_attachment.workers_AmazonEKSWorkerNodePolicy",
            "module.eks.aws_iam_role_policy_attachment.workers_AmazonEKS_CNI_Policy",
            "module.eks.aws_iam_role_policy_attachment.workers_additional_policies",
            "module.eks.aws_launch_configuration.workers",
            "module.eks.aws_security_group.cluster",
            "module.eks.aws_security_group.workers",
            "module.eks.aws_security_group_rule.cluster_egress_internet",
            "module.eks.aws_security_group_rule.cluster_https_worker_ingress",
            "module.eks.aws_security_group_rule.cluster_primary_ingress_workers",
            "module.eks.aws_security_group_rule.workers_egress_internet",
            "module.eks.aws_security_group_rule.workers_ingress_cluster",
            "module.eks.aws_security_group_rule.workers_ingress_cluster_https",
            "module.eks.aws_security_group_rule.workers_ingress_cluster_kubelet",
            "module.eks.aws_security_group_rule.workers_ingress_cluster_primary",
            "module.eks.aws_security_group_rule.workers_ingress_self",
            "module.eks.data.aws_ami.eks_worker",
            "module.eks.data.aws_ami.eks_worker_windows",
            "module.eks.data.aws_iam_instance_profile.custom_worker_group_iam_instance_profile",
            "module.eks.data.aws_iam_policy_document.cluster_assume_role_policy",
            "module.eks.data.aws_iam_policy_document.workers_assume_role_policy",
            "module.eks.data.aws_iam_role.custom_cluster_iam_role",
            "module.eks.data.aws_partition.current"
          ],
          "create_before_destroy": true
        }
      ]
    },
    {
      "module": "module.eks",
      "mode": "managed",
      "type": "aws_eks_cluster",
      "name": "this",
      "provider": "provider[\"registry.terraform.io/hashicorp/aws\"]",
      "instances": [
        {
          "index_key": 0,
          "schema_version": 0,
          "attributes": {
            "arn": "arn:aws:eks:us-east-1:966185979698:cluster/eks-kubeginners",
            "certificate_authority": [
              {
                "data": "LS0tLS1CRUdJTiBDRVJUSUZJQ0FURS0tLS0tCk1JSUM1ekNDQWMrZ0F3SUJBZ0lCQURBTkJna3Foa2lHOXcwQkFRc0ZBREFWTVJNd0VRWURWUVFERXdwcmRXSmwKY201bGRHVnpNQjRYRFRJeU1EUXlPREEwTlRrME9Gb1hEVE15TURReU5UQTBOVGswT0Zvd0ZURVRNQkVHQTFVRQpBeE1LYTNWaVpYSnVaWFJsY3pDQ0FTSXdEUVlKS29aSWh2Y05BUUVCQlFBRGdnRVBBRENDQVFvQ2dnRUJBTFpnCkJuemo1TjZWSWE2MWNBc0doSVRXRVVRL0Jsb3hSelRvTlJic3JiVmVGUitLenk0UXBhSlN2MFNDTmFmSmw4ejIKVURWSzUyemdvWDI4VUNJY3lWOGdZeGhPd0U5TDU5TzJCWndSRXh2RmpIZGdxOFJMM0V1eGNpNUU1MEtEL3pqRQpzWS9NYVA4bXJEY0kwbDZKU0tMS3RCQXBJNHkxcmFhaGhuZDRmaEtzdFlueFozWjdKRFlDdU1FQ3ZvZWRKQTBaCmozbmlvTjdtSVcydWhKSWtwVUFZWWViMTJSQTRURVZTMzgzRlhpUitwWFY1NjFjTVNScUVpTjdWVmlueFVCdGYKakNqZlpUU200TjlBSXZId0RGZjhWQ0I2V1g5YXFlL0pXcll5MU0xQ2UvTHAzWEdWanpEb2hMeVNNeVpLV2syNApGQ0x3SGJvZVBjQndsUEM2T1cwQ0F3RUFBYU5DTUVBd0RnWURWUjBQQVFIL0JBUURBZ0trTUE4R0ExVWRFd0VCCi93UUZNQU1CQWY4d0hRWURWUjBPQkJZRUZIVGRVVThMcDh4eTBtTWlGRlhtWmhyYWt0WlpNQTBHQ1NxR1NJYjMKRFFFQkN3VUFBNElCQVFBRDlFc2NUMWpOWGp6TTY4bHI3ZkVEUFNOcnBQaTdUdy91M24ydC9XYVpMMFEydHZTMQpTZHZMcWZoUHovNHgvR0JaTHJ0cHltZWVtSVl3Q3VVUmE2eTRNY1JudGxabWdTTWNNRS9Ubk52aGxlQ2MwRGM5CmJLc05xUWJEQ3hMZFdpcGh0bWM1MGFPZjI0S3lZR1A1bmNFOE1wMmQzYzdMRkJRRysvMFRsWmFndGxBUk5kUEEKWlVqZzR3cVhIT1pEMTV4TjAxYUpNOHpZdmNqWmtXVGhQOFQ1UVEwMVNkUmNPeXNYUnBkcjY3QUxBQnhkNFNoZApJMUZFMy9nN002dkpOczdCKzRIZERwcEhGQWV1RFFmcHFCMG9MSTBpM0FVMUdzemlZRUQyeXdsZ2ZFa0tNS1llCmdhdGZOb3Vqbkl1YXpUUkQ4YS80UHBnK0U1dzhVOUVLUkRXdAotLS0tLUVORCBDRVJUSUZJQ0FURS0tLS0tCg=="
              }
            ],
            "created_at": "2022-04-28 04:53:29.686 +0000 UTC",
            "enabled_cluster_log_types": [],
            "encryption_config": [],
            "endpoint": "https://9246A709441193FA47A650C407B49119.gr7.us-east-1.eks.amazonaws.com",
            "id": "eks-kubeginners",
            "identity": [
              {
                "oidc": [
                  {
                    "issuer": "https://oidc.eks.us-east-1.amazonaws.com/id/9246A709441193FA47A650C407B49119"
                  }
                ]
              }
            ],
            "kubernetes_network_config": [
              {
                "ip_family": "ipv4",
                "service_ipv4_cidr": "10.100.0.0/16"
              }
            ],
            "name": "eks-kubeginners",
            "platform_version": "eks.5",
            "role_arn": "arn:aws:iam::966185979698:role/eks-kubeginners20220428045325833700000003",
            "status": "ACTIVE",
            "tags": {
              "Name": "kubeginners-cluster"
            },
            "tags_all": {
              "Name": "kubeginners-cluster"
            },
            "timeouts": {
              "create": "30m",
              "delete": "15m",
              "update": "60m"
            },
            "version": "1.20",
            "vpc_config": [
              {
                "cluster_security_group_id": "sg-0f411e4f926be1e6d",
                "endpoint_private_access": false,
                "endpoint_public_access": true,
                "public_access_cidrs": [
                  "0.0.0.0/0"
                ],
                "security_group_ids": [
                  "sg-0e3987d6218838c5c"
                ],
                "subnet_ids": [
                  "subnet-01ea5fece26b182d7",
                  "subnet-039d7bd1c43f973cc"
                ],
                "vpc_id": "vpc-0f82992e109fea8f9"
              }
            ]
          },
          "sensitive_attributes": [],
          "private": "eyJlMmJmYjczMC1lY2FhLTExZTYtOGY4OC0zNDM2M2JjN2M0YzAiOnsiY3JlYXRlIjoxODAwMDAwMDAwMDAwLCJkZWxldGUiOjkwMDAwMDAwMDAwMCwidXBkYXRlIjozNjAwMDAwMDAwMDAwfX0=",
          "dependencies": [
            "data.aws_subnet_ids.subnets",
            "module.eks.aws_cloudwatch_log_group.this",
            "module.eks.aws_iam_role.cluster",
            "module.eks.aws_iam_role_policy_attachment.cluster_AmazonEKSClusterPolicy",
            "module.eks.aws_iam_role_policy_attachment.cluster_AmazonEKSServicePolicy",
            "module.eks.aws_iam_role_policy_attachment.cluster_AmazonEKSVPCResourceControllerPolicy",
            "module.eks.aws_security_group.cluster",
            "module.eks.aws_security_group.workers",
            "module.eks.aws_security_group_rule.cluster_egress_internet",
            "module.eks.aws_security_group_rule.cluster_https_worker_ingress",
            "module.eks.data.aws_iam_policy_document.cluster_assume_role_policy",
            "module.eks.data.aws_iam_role.custom_cluster_iam_role",
            "module.eks.data.aws_partition.current"
          ],
          "create_before_destroy": true
        }
      ]
    },
    {
      "module": "module.eks",
      "mode": "managed",
      "type": "aws_iam_instance_profile",
      "name": "workers",
      "provider": "provider[\"registry.terraform.io/hashicorp/aws\"]",
      "instances": [
        {
          "index_key": 0,
          "schema_version": 0,
          "attributes": {
            "arn": "arn:aws:iam::966185979698:instance-profile/eks-kubeginners2022042805034909670000000a",
            "create_date": "2022-04-28T05:03:49Z",
            "id": "eks-kubeginners2022042805034909670000000a",
            "name": "eks-kubeginners2022042805034909670000000a",
            "name_prefix": "eks-kubeginners",
            "path": "/",
            "role": "eks-kubeginners20220428050347487800000009",
            "tags": {
              "Name": "kubeginners-cluster"
            },
            "tags_all": {
              "Name": "kubeginners-cluster"
            },
            "unique_id": "AIPA6B5JMB4ZDTQI7VUJP"
          },
          "sensitive_attributes": [],
          "private": "bnVsbA==",
          "dependencies": [
            "aws_security_group.kubeginners_worker_group_one_sg",
            "data.aws_subnet_ids.subnets",
            "module.eks.aws_cloudwatch_log_group.this",
            "module.eks.aws_eks_cluster.this",
            "module.eks.aws_iam_role.cluster",
            "module.eks.aws_iam_role.workers",
            "module.eks.aws_iam_role_policy_attachment.cluster_AmazonEKSClusterPolicy",
            "module.eks.aws_iam_role_policy_attachment.cluster_AmazonEKSServicePolicy",
            "module.eks.aws_iam_role_policy_attachment.cluster_AmazonEKSVPCResourceControllerPolicy",
            "module.eks.aws_security_group.cluster",
            "module.eks.aws_security_group.workers",
            "module.eks.aws_security_group_rule.cluster_egress_internet",
            "module.eks.aws_security_group_rule.cluster_https_worker_ingress",
            "module.eks.data.aws_iam_policy_document.cluster_assume_role_policy",
            "module.eks.data.aws_iam_policy_document.workers_assume_role_policy",
            "module.eks.data.aws_iam_role.custom_cluster_iam_role",
            "module.eks.data.aws_partition.current"
          ],
          "create_before_destroy": true
        }
      ]
    },
    {
      "module": "module.eks",
      "mode": "managed",
      "type": "aws_iam_policy",
      "name": "cluster_deny_log_group",
      "provider": "provider[\"registry.terraform.io/hashicorp/aws\"]",
      "instances": [
        {
          "index_key": 0,
          "schema_version": 0,
          "attributes": {
            "arn": "arn:aws:iam::966185979698:policy/eks-kubeginners-deny-log-group20220428045325833600000002",
            "description": "Deny CreateLogGroup",
            "id": "arn:aws:iam::966185979698:policy/eks-kubeginners-deny-log-group20220428045325833600000002",
            "name": "eks-kubeginners-deny-log-group20220428045325833600000002",
            "name_prefix": "eks-kubeginners-deny-log-group",
            "path": "/",
            "policy": "{\"Statement\":[{\"Action\":\"logs:CreateLogGroup\",\"Effect\":\"Deny\",\"Resource\":\"*\",\"Sid\":\"\"}],\"Version\":\"2012-10-17\"}",
            "policy_id": "ANPA6B5JMB4ZFE6NH46SM",
            "tags": {
              "Name": "kubeginners-cluster"
            },
            "tags_all": {
              "Name": "kubeginners-cluster"
            }
          },
          "sensitive_attributes": [],
          "private": "bnVsbA==",
          "dependencies": [
            "module.eks.data.aws_iam_policy_document.cluster_deny_log_group"
          ]
        }
      ]
    },
    {
      "module": "module.eks",
      "mode": "managed",
      "type": "aws_iam_policy",
      "name": "cluster_elb_sl_role_creation",
      "provider": "provider[\"registry.terraform.io/hashicorp/aws\"]",
      "instances": [
        {
          "index_key": 0,
          "schema_version": 0,
          "attributes": {
            "arn": "arn:aws:iam::966185979698:policy/eks-kubeginners-elb-sl-role-creation20220428045325833600000001",
            "description": "Permissions for EKS to create AWSServiceRoleForElasticLoadBalancing service-linked role",
            "id": "arn:aws:iam::966185979698:policy/eks-kubeginners-elb-sl-role-creation20220428045325833600000001",
            "name": "eks-kubeginners-elb-sl-role-creation20220428045325833600000001",
            "name_prefix": "eks-kubeginners-elb-sl-role-creation",
            "path": "/",
            "policy": "{\"Statement\":[{\"Action\":[\"ec2:DescribeInternetGateways\",\"ec2:DescribeAddresses\",\"ec2:DescribeAccountAttributes\"],\"Effect\":\"Allow\",\"Resource\":\"*\",\"Sid\":\"\"}],\"Version\":\"2012-10-17\"}",
            "policy_id": "ANPA6B5JMB4ZDCPQMON2F",
            "tags": {
              "Name": "kubeginners-cluster"
            },
            "tags_all": {
              "Name": "kubeginners-cluster"
            }
          },
          "sensitive_attributes": [],
          "private": "bnVsbA==",
          "dependencies": [
            "module.eks.data.aws_iam_policy_document.cluster_elb_sl_role_creation"
          ]
        }
      ]
    },
    {
      "module": "module.eks",
      "mode": "managed",
      "type": "aws_iam_role",
      "name": "cluster",
      "provider": "provider[\"registry.terraform.io/hashicorp/aws\"]",
      "instances": [
        {
          "index_key": 0,
          "schema_version": 0,
          "attributes": {
            "arn": "arn:aws:iam::966185979698:role/eks-kubeginners20220428045325833700000003",
            "assume_role_policy": "{\"Version\":\"2012-10-17\",\"Statement\":[{\"Sid\":\"EKSClusterAssumeRole\",\"Effect\":\"Allow\",\"Principal\":{\"Service\":\"eks.amazonaws.com\"},\"Action\":\"sts:AssumeRole\"}]}",
            "create_date": "2022-04-28T04:53:26Z",
            "description": "",
            "force_detach_policies": true,
            "id": "eks-kubeginners20220428045325833700000003",
            "inline_policy": [
              {
                "name": "",
                "policy": ""
              }
            ],
            "managed_policy_arns": [
              "arn:aws:iam::966185979698:policy/eks-kubeginners-deny-log-group20220428045325833600000002",
              "arn:aws:iam::966185979698:policy/eks-kubeginners-elb-sl-role-creation20220428045325833600000001",
              "arn:aws:iam::aws:policy/AmazonEKSClusterPolicy",
              "arn:aws:iam::aws:policy/AmazonEKSServicePolicy",
              "arn:aws:iam::aws:policy/AmazonEKSVPCResourceController"
            ],
            "max_session_duration": 3600,
            "name": "eks-kubeginners20220428045325833700000003",
            "name_prefix": "eks-kubeginners",
            "path": "/",
            "permissions_boundary": null,
            "tags": {
              "Name": "kubeginners-cluster"
            },
            "tags_all": {
              "Name": "kubeginners-cluster"
            },
            "unique_id": "AROA6B5JMB4ZGPBGW5JK2"
          },
          "sensitive_attributes": [],
          "private": "bnVsbA==",
          "dependencies": [
            "module.eks.data.aws_iam_policy_document.cluster_assume_role_policy"
          ],
          "create_before_destroy": true
        }
      ]
    },
    {
      "module": "module.eks",
      "mode": "managed",
      "type": "aws_iam_role",
      "name": "workers",
      "provider": "provider[\"registry.terraform.io/hashicorp/aws\"]",
      "instances": [
        {
          "index_key": 0,
          "schema_version": 0,
          "attributes": {
            "arn": "arn:aws:iam::966185979698:role/eks-kubeginners20220428050347487800000009",
            "assume_role_policy": "{\"Version\":\"2012-10-17\",\"Statement\":[{\"Sid\":\"EKSWorkerAssumeRole\",\"Effect\":\"Allow\",\"Principal\":{\"Service\":\"ec2.amazonaws.com\"},\"Action\":\"sts:AssumeRole\"}]}",
            "create_date": "2022-04-28T05:03:48Z",
            "description": "",
            "force_detach_policies": true,
            "id": "eks-kubeginners20220428050347487800000009",
            "inline_policy": [
              {
                "name": "",
                "policy": ""
              }
            ],
            "managed_policy_arns": [
              "arn:aws:iam::aws:policy/AmazonEC2ContainerRegistryReadOnly",
              "arn:aws:iam::aws:policy/AmazonEKSWorkerNodePolicy",
              "arn:aws:iam::aws:policy/AmazonEKS_CNI_Policy"
            ],
            "max_session_duration": 3600,
            "name": "eks-kubeginners20220428050347487800000009",
            "name_prefix": "eks-kubeginners",
            "path": "/",
            "permissions_boundary": null,
            "tags": {
              "Name": "kubeginners-cluster"
            },
            "tags_all": {
              "Name": "kubeginners-cluster"
            },
            "unique_id": "AROA6B5JMB4ZEQCIDBPA6"
          },
          "sensitive_attributes": [],
          "private": "bnVsbA==",
          "dependencies": [
            "data.aws_subnet_ids.subnets",
            "module.eks.aws_cloudwatch_log_group.this",
            "module.eks.aws_eks_cluster.this",
            "module.eks.aws_iam_role.cluster",
            "module.eks.aws_iam_role_policy_attachment.cluster_AmazonEKSClusterPolicy",
            "module.eks.aws_iam_role_policy_attachment.cluster_AmazonEKSServicePolicy",
            "module.eks.aws_iam_role_policy_attachment.cluster_AmazonEKSVPCResourceControllerPolicy",
            "module.eks.aws_security_group.cluster",
            "module.eks.aws_security_group.workers",
            "module.eks.aws_security_group_rule.cluster_egress_internet",
            "module.eks.aws_security_group_rule.cluster_https_worker_ingress",
            "module.eks.data.aws_iam_policy_document.cluster_assume_role_policy",
            "module.eks.data.aws_iam_policy_document.workers_assume_role_policy",
            "module.eks.data.aws_iam_role.custom_cluster_iam_role",
            "module.eks.data.aws_partition.current"
          ],
          "create_before_destroy": true
        }
      ]
    },
    {
      "module": "module.eks",
      "mode": "managed",
      "type": "aws_iam_role_policy_attachment",
      "name": "cluster_AmazonEKSClusterPolicy",
      "provider": "provider[\"registry.terraform.io/hashicorp/aws\"]",
      "instances": [
        {
          "index_key": 0,
          "schema_version": 0,
          "attributes": {
            "id": "eks-kubeginners20220428045325833700000003-20220428045327688600000006",
            "policy_arn": "arn:aws:iam::aws:policy/AmazonEKSClusterPolicy",
            "role": "eks-kubeginners20220428045325833700000003"
          },
          "sensitive_attributes": [],
          "private": "bnVsbA==",
          "dependencies": [
            "module.eks.aws_iam_role.cluster",
            "module.eks.data.aws_iam_policy_document.cluster_assume_role_policy",
            "module.eks.data.aws_partition.current"
          ],
          "create_before_destroy": true
        }
      ]
    },
    {
      "module": "module.eks",
      "mode": "managed",
      "type": "aws_iam_role_policy_attachment",
      "name": "cluster_AmazonEKSServicePolicy",
      "provider": "provider[\"registry.terraform.io/hashicorp/aws\"]",
      "instances": [
        {
          "index_key": 0,
          "schema_version": 0,
          "attributes": {
            "id": "eks-kubeginners20220428045325833700000003-20220428045327822700000007",
            "policy_arn": "arn:aws:iam::aws:policy/AmazonEKSServicePolicy",
            "role": "eks-kubeginners20220428045325833700000003"
          },
          "sensitive_attributes": [],
          "private": "bnVsbA==",
          "dependencies": [
            "module.eks.aws_iam_role.cluster",
            "module.eks.data.aws_iam_policy_document.cluster_assume_role_policy",
            "module.eks.data.aws_partition.current"
          ],
          "create_before_destroy": true
        }
      ]
    },
    {
      "module": "module.eks",
      "mode": "managed",
      "type": "aws_iam_role_policy_attachment",
      "name": "cluster_AmazonEKSVPCResourceControllerPolicy",
      "provider": "provider[\"registry.terraform.io/hashicorp/aws\"]",
      "instances": [
        {
          "index_key": 0,
          "schema_version": 0,
          "attributes": {
            "id": "eks-kubeginners20220428045325833700000003-20220428045327834700000008",
            "policy_arn": "arn:aws:iam::aws:policy/AmazonEKSVPCResourceController",
            "role": "eks-kubeginners20220428045325833700000003"
          },
          "sensitive_attributes": [],
          "private": "bnVsbA==",
          "dependencies": [
            "module.eks.aws_iam_role.cluster",
            "module.eks.data.aws_iam_policy_document.cluster_assume_role_policy",
            "module.eks.data.aws_partition.current"
          ],
          "create_before_destroy": true
        }
      ]
    },
    {
      "module": "module.eks",
      "mode": "managed",
      "type": "aws_iam_role_policy_attachment",
      "name": "cluster_deny_log_group",
      "provider": "provider[\"registry.terraform.io/hashicorp/aws\"]",
      "instances": [
        {
          "index_key": 0,
          "schema_version": 0,
          "attributes": {
            "id": "eks-kubeginners20220428045325833700000003-20220428045327674900000005",
            "policy_arn": "arn:aws:iam::966185979698:policy/eks-kubeginners-deny-log-group20220428045325833600000002",
            "role": "eks-kubeginners20220428045325833700000003"
          },
          "sensitive_attributes": [],
          "private": "bnVsbA==",
          "dependencies": [
            "module.eks.aws_iam_policy.cluster_deny_log_group",
            "module.eks.aws_iam_role.cluster",
            "module.eks.data.aws_iam_policy_document.cluster_assume_role_policy",
            "module.eks.data.aws_iam_policy_document.cluster_deny_log_group"
          ]
        }
      ]
    },
    {
      "module": "module.eks",
      "mode": "managed",
      "type": "aws_iam_role_policy_attachment",
      "name": "cluster_elb_sl_role_creation",
      "provider": "provider[\"registry.terraform.io/hashicorp/aws\"]",
      "instances": [
        {
          "index_key": 0,
          "schema_version": 0,
          "attributes": {
            "id": "eks-kubeginners20220428045325833700000003-20220428045327670800000004",
            "policy_arn": "arn:aws:iam::966185979698:policy/eks-kubeginners-elb-sl-role-creation20220428045325833600000001",
            "role": "eks-kubeginners20220428045325833700000003"
          },
          "sensitive_attributes": [],
          "private": "bnVsbA==",
          "dependencies": [
            "module.eks.aws_iam_policy.cluster_elb_sl_role_creation",
            "module.eks.aws_iam_role.cluster",
            "module.eks.data.aws_iam_policy_document.cluster_assume_role_policy",
            "module.eks.data.aws_iam_policy_document.cluster_elb_sl_role_creation"
          ]
        }
      ]
    },
    {
      "module": "module.eks",
      "mode": "managed",
      "type": "aws_iam_role_policy_attachment",
      "name": "workers_AmazonEC2ContainerRegistryReadOnly",
      "provider": "provider[\"registry.terraform.io/hashicorp/aws\"]",
      "instances": [
        {
          "index_key": 0,
          "schema_version": 0,
          "attributes": {
            "id": "eks-kubeginners20220428050347487800000009-2022042805034925280000000b",
            "policy_arn": "arn:aws:iam::aws:policy/AmazonEC2ContainerRegistryReadOnly",
            "role": "eks-kubeginners20220428050347487800000009"
          },
          "sensitive_attributes": [],
          "private": "bnVsbA==",
          "dependencies": [
            "data.aws_subnet_ids.subnets",
            "module.eks.aws_cloudwatch_log_group.this",
            "module.eks.aws_eks_cluster.this",
            "module.eks.aws_iam_role.cluster",
            "module.eks.aws_iam_role.workers",
            "module.eks.aws_iam_role_policy_attachment.cluster_AmazonEKSClusterPolicy",
            "module.eks.aws_iam_role_policy_attachment.cluster_AmazonEKSServicePolicy",
            "module.eks.aws_iam_role_policy_attachment.cluster_AmazonEKSVPCResourceControllerPolicy",
            "module.eks.aws_security_group.cluster",
            "module.eks.aws_security_group.workers",
            "module.eks.aws_security_group_rule.cluster_egress_internet",
            "module.eks.aws_security_group_rule.cluster_https_worker_ingress",
            "module.eks.data.aws_iam_policy_document.cluster_assume_role_policy",
            "module.eks.data.aws_iam_policy_document.workers_assume_role_policy",
            "module.eks.data.aws_iam_role.custom_cluster_iam_role",
            "module.eks.data.aws_partition.current"
          ],
          "create_before_destroy": true
        }
      ]
    },
    {
      "module": "module.eks",
      "mode": "managed",
      "type": "aws_iam_role_policy_attachment",
      "name": "workers_AmazonEKSWorkerNodePolicy",
      "provider": "provider[\"registry.terraform.io/hashicorp/aws\"]",
      "instances": [
        {
          "index_key": 0,
          "schema_version": 0,
          "attributes": {
            "id": "eks-kubeginners20220428050347487800000009-2022042805034941110000000c",
            "policy_arn": "arn:aws:iam::aws:policy/AmazonEKSWorkerNodePolicy",
            "role": "eks-kubeginners20220428050347487800000009"
          },
          "sensitive_attributes": [],
          "private": "bnVsbA==",
          "dependencies": [
            "data.aws_subnet_ids.subnets",
            "module.eks.aws_cloudwatch_log_group.this",
            "module.eks.aws_eks_cluster.this",
            "module.eks.aws_iam_role.cluster",
            "module.eks.aws_iam_role.workers",
            "module.eks.aws_iam_role_policy_attachment.cluster_AmazonEKSClusterPolicy",
            "module.eks.aws_iam_role_policy_attachment.cluster_AmazonEKSServicePolicy",
            "module.eks.aws_iam_role_policy_attachment.cluster_AmazonEKSVPCResourceControllerPolicy",
            "module.eks.aws_security_group.cluster",
            "module.eks.aws_security_group.workers",
            "module.eks.aws_security_group_rule.cluster_egress_internet",
            "module.eks.aws_security_group_rule.cluster_https_worker_ingress",
            "module.eks.data.aws_iam_policy_document.cluster_assume_role_policy",
            "module.eks.data.aws_iam_policy_document.workers_assume_role_policy",
            "module.eks.data.aws_iam_role.custom_cluster_iam_role",
            "module.eks.data.aws_partition.current"
          ],
          "create_before_destroy": true
        }
      ]
    },
    {
      "module": "module.eks",
      "mode": "managed",
      "type": "aws_iam_role_policy_attachment",
      "name": "workers_AmazonEKS_CNI_Policy",
      "provider": "provider[\"registry.terraform.io/hashicorp/aws\"]",
      "instances": [
        {
          "index_key": 0,
          "schema_version": 0,
          "attributes": {
            "id": "eks-kubeginners20220428050347487800000009-2022042805034957410000000d",
            "policy_arn": "arn:aws:iam::aws:policy/AmazonEKS_CNI_Policy",
            "role": "eks-kubeginners20220428050347487800000009"
          },
          "sensitive_attributes": [],
          "private": "bnVsbA==",
          "dependencies": [
            "data.aws_subnet_ids.subnets",
            "module.eks.aws_cloudwatch_log_group.this",
            "module.eks.aws_eks_cluster.this",
            "module.eks.aws_iam_role.cluster",
            "module.eks.aws_iam_role.workers",
            "module.eks.aws_iam_role_policy_attachment.cluster_AmazonEKSClusterPolicy",
            "module.eks.aws_iam_role_policy_attachment.cluster_AmazonEKSServicePolicy",
            "module.eks.aws_iam_role_policy_attachment.cluster_AmazonEKSVPCResourceControllerPolicy",
            "module.eks.aws_security_group.cluster",
            "module.eks.aws_security_group.workers",
            "module.eks.aws_security_group_rule.cluster_egress_internet",
            "module.eks.aws_security_group_rule.cluster_https_worker_ingress",
            "module.eks.data.aws_iam_policy_document.cluster_assume_role_policy",
            "module.eks.data.aws_iam_policy_document.workers_assume_role_policy",
            "module.eks.data.aws_iam_role.custom_cluster_iam_role",
            "module.eks.data.aws_partition.current"
          ],
          "create_before_destroy": true
        }
      ]
    },
    {
      "module": "module.eks",
      "mode": "managed",
      "type": "aws_launch_configuration",
      "name": "workers",
      "provider": "provider[\"registry.terraform.io/hashicorp/aws\"]",
      "instances": [
        {
          "index_key": 0,
          "schema_version": 0,
          "attributes": {
            "arn": "arn:aws:autoscaling:us-east-1:966185979698:launchConfiguration:5beb7f3d-2001-465d-a7d6-0f1ae2ce11ec:launchConfigurationName/eks-kubeginners-worker-group-120220428051909231800000001",
            "associate_public_ip_address": false,
            "ebs_block_device": [],
            "ebs_optimized": false,
            "enable_monitoring": true,
            "ephemeral_block_device": [],
            "iam_instance_profile": "eks-kubeginners2022042805034909670000000a",
            "id": "eks-kubeginners-worker-group-120220428051909231800000001",
            "image_id": "ami-01a09362cdb8f50b3",
            "instance_type": "t2.micro",
            "key_name": "",
            "metadata_options": [
              {
                "http_endpoint": "enabled",
                "http_put_response_hop_limit": 1,
                "http_tokens": "optional"
              }
            ],
            "name": "eks-kubeginners-worker-group-120220428051909231800000001",
            "name_prefix": "eks-kubeginners-worker-group-1",
            "placement_tenancy": "",
            "root_block_device": [
              {
                "delete_on_termination": true,
                "encrypted": false,
                "iops": 0,
                "throughput": 0,
                "volume_size": 100,
                "volume_type": "gp2"
              }
            ],
            "security_groups": [
              "sg-0639aa5adb65cf331",
              "sg-07c4bc74aa5a18f5e"
            ],
            "spot_price": "",
            "user_data": null,
            "user_data_base64": "IyEvYmluL2Jhc2ggLWUKCiMgQWxsb3cgdXNlciBzdXBwbGllZCBwcmUgdXNlcmRhdGEgY29kZQoKCiMgQm9vdHN0cmFwIGFuZCBqb2luIHRoZSBjbHVzdGVyCi9ldGMvZWtzL2Jvb3RzdHJhcC5zaCAtLWI2NC1jbHVzdGVyLWNhICdMUzB0TFMxQ1JVZEpUaUJEUlZKVVNVWkpRMEZVUlMwdExTMHRDazFKU1VNMWVrTkRRV01yWjBGM1NVSkJaMGxDUVVSQlRrSm5hM0ZvYTJsSE9YY3dRa0ZSYzBaQlJFRldUVkpOZDBWUldVUldVVkZFUlhkd2NtUlhTbXdLWTIwMWJHUkhWbnBOUWpSWVJGUkplVTFFVVhsUFJFRXdUbFJyTUU5R2IxaEVWRTE1VFVSUmVVNVVRVEJPVkdzd1QwWnZkMFpVUlZSTlFrVkhRVEZWUlFwQmVFMUxZVE5XYVZwWVNuVmFXRkpzWTNwRFEwRlRTWGRFVVZsS1MyOWFTV2gyWTA1QlVVVkNRbEZCUkdkblJWQkJSRU5EUVZGdlEyZG5SVUpCVEZwbkNrSnVlbW8xVGpaV1NXRTJNV05CYzBkb1NWUlhSVlZSTDBKc2IzaFNlbFJ2VGxKaWMzSmlWbVZHVWl0TGVuazBVWEJoU2xOMk1GTkRUbUZtU213NGVqSUtWVVJXU3pVeWVtZHZXREk0VlVOSlkzbFdPR2RaZUdoUGQwVTVURFU1VHpKQ1duZFNSWGgyUm1wSVpHZHhPRkpNTTBWMWVHTnBOVVUxTUV0RUwzcHFSUXB6V1M5TllWQTRiWEpFWTBrd2JEWktVMHRNUzNSQ1FYQkpOSGt4Y21GaGFHaHVaRFJtYUV0emRGbHVlRm96V2pkS1JGbERkVTFGUTNadlpXUktRVEJhQ21vemJtbHZUamR0U1ZjeWRXaEtTV3R3VlVGWldXVmlNVEpTUVRSVVJWWlRNemd6UmxocFVpdHdXRlkxTmpGalRWTlNjVVZwVGpkV1ZtbHVlRlZDZEdZS2FrTnFabHBVVTIwMFRqbEJTWFpJZDBSR1pqaFdRMEkyVjFnNVlYRmxMMHBYY2xsNU1VMHhRMlV2VEhBeldFZFdhbnBFYjJoTWVWTk5lVnBMVjJzeU5BcEdRMHgzU0dKdlpWQmpRbmRzVUVNMlQxY3dRMEYzUlVGQllVNURUVVZCZDBSbldVUldVakJRUVZGSUwwSkJVVVJCWjB0clRVRTRSMEV4VldSRmQwVkNDaTkzVVVaTlFVMUNRV1k0ZDBoUldVUldVakJQUWtKWlJVWklWR1JWVlRoTWNEaDRlVEJ0VFdsR1JsaHRXbWh5WVd0MFdscE5RVEJIUTFOeFIxTkpZak1LUkZGRlFrTjNWVUZCTkVsQ1FWRkJSRGxGYzJOVU1XcE9XR3A2VFRZNGJISTNaa1ZFVUZOT2NuQlFhVGRVZHk5MU0yNHlkQzlYWVZwTU1GRXlkSFpUTVFwVFpIWk1jV1pvVUhvdk5IZ3ZSMEphVEhKMGNIbHRaV1Z0U1ZsM1EzVlZVbUUyZVRSTlkxSnVkR3hhYldkVFRXTk5SUzlVYms1MmFHeGxRMk13UkdNNUNtSkxjMDV4VVdKRVEzaE1aRmRwY0doMGJXTTFNR0ZQWmpJMFMzbFpSMUExYm1ORk9FMXdNbVF6WXpkTVJrSlJSeXN2TUZSc1dtRm5kR3hCVWs1a1VFRUtXbFZxWnpSM2NWaElUMXBFTVRWNFRqQXhZVXBOT0hwWmRtTnFXbXRYVkdoUU9GUTFVVkV3TVZOa1VtTlBlWE5ZVW5Ca2NqWTNRVXhCUW5oa05GTm9aQXBKTVVaRk15OW5OMDAyZGtwT2N6ZENLelJJWkVSd2NFaEdRV1YxUkZGbWNIRkNNRzlNU1RCcE0wRlZNVWR6ZW1sWlJVUXllWGRzWjJaRmEwdE5TMWxsQ21kaGRHWk9iM1ZxYmtsMVlYcFVVa1E0WVM4MFVIQm5LMFUxZHpoVk9VVkxVa1JYZEFvdExTMHRMVVZPUkNCRFJWSlVTVVpKUTBGVVJTMHRMUzB0Q2c9PScgLS1hcGlzZXJ2ZXItZW5kcG9pbnQgJ2h0dHBzOi8vOTI0NkE3MDk0NDExOTNGQTQ3QTY1MEM0MDdCNDkxMTkuZ3I3LnVzLWVhc3QtMS5la3MuYW1hem9uYXdzLmNvbScgIC0ta3ViZWxldC1leHRyYS1hcmdzICIiICdla3Mta3ViZWdpbm5lcnMnCgojIEFsbG93IHVzZXIgc3VwcGxpZWQgdXNlcmRhdGEgY29kZQpzdWRvIHl1bSB1cGRhdGUgLXkKc3VkbyB5dW0gaW5zdGFsbCBkb2NrZXIgLXkKc3VkbyBzZXJ2aWNlIGRvY2tlciBzdGFydApzdWRvIHVzZXJtb2QgLWEgLUcgZG9ja2VyIGVjMi11c2VyCgpkb2NrZXIgcHVsbCBoZW1hbnRoMDQwNy90b2RvLWFwcC1rdWJlZ2lubmVyczp2MQpkb2NrZXIgcnVuIC1wIDMwMDA6ODAgLWQgaGVtYW50aDA0MDcvdG9kby1hcHAta3ViZWdpbm5lcnM6djEK",
            "vpc_classic_link_id": "",
            "vpc_classic_link_security_groups": []
          },
          "sensitive_attributes": [],
          "private": "bnVsbA==",
          "dependencies": [
            "aws_security_group.kubeginners_worker_group_one_sg",
            "data.aws_subnet_ids.subnets",
            "module.eks.aws_cloudwatch_log_group.this",
            "module.eks.aws_eks_cluster.this",
            "module.eks.aws_iam_instance_profile.workers",
            "module.eks.aws_iam_role.cluster",
            "module.eks.aws_iam_role.workers",
            "module.eks.aws_iam_role_policy_attachment.cluster_AmazonEKSClusterPolicy",
            "module.eks.aws_iam_role_policy_attachment.cluster_AmazonEKSServicePolicy",
            "module.eks.aws_iam_role_policy_attachment.cluster_AmazonEKSVPCResourceControllerPolicy",
            "module.eks.aws_iam_role_policy_attachment.workers_AmazonEC2ContainerRegistryReadOnly",
            "module.eks.aws_iam_role_policy_attachment.workers_AmazonEKSWorkerNodePolicy",
            "module.eks.aws_iam_role_policy_attachment.workers_AmazonEKS_CNI_Policy",
            "module.eks.aws_iam_role_policy_attachment.workers_additional_policies",
            "module.eks.aws_security_group.cluster",
            "module.eks.aws_security_group.workers",
            "module.eks.aws_security_group_rule.cluster_egress_internet",
            "module.eks.aws_security_group_rule.cluster_https_worker_ingress",
            "module.eks.aws_security_group_rule.cluster_primary_ingress_workers",
            "module.eks.aws_security_group_rule.workers_egress_internet",
            "module.eks.aws_security_group_rule.workers_ingress_cluster",
            "module.eks.aws_security_group_rule.workers_ingress_cluster_https",
            "module.eks.aws_security_group_rule.workers_ingress_cluster_kubelet",
            "module.eks.aws_security_group_rule.workers_ingress_cluster_primary",
            "module.eks.aws_security_group_rule.workers_ingress_self",
            "module.eks.data.aws_ami.eks_worker",
            "module.eks.data.aws_ami.eks_worker_windows",
            "module.eks.data.aws_iam_instance_profile.custom_worker_group_iam_instance_profile",
            "module.eks.data.aws_iam_policy_document.cluster_assume_role_policy",
            "module.eks.data.aws_iam_policy_document.workers_assume_role_policy",
            "module.eks.data.aws_iam_role.custom_cluster_iam_role",
            "module.eks.data.aws_partition.current"
          ],
          "create_before_destroy": true
        }
      ]
    },
    {
      "module": "module.eks",
      "mode": "managed",
      "type": "aws_security_group",
      "name": "cluster",
      "provider": "provider[\"registry.terraform.io/hashicorp/aws\"]",
      "instances": [
        {
          "index_key": 0,
          "schema_version": 1,
          "attributes": {
            "arn": "arn:aws:ec2:us-east-1:966185979698:security-group/sg-0e3987d6218838c5c",
            "description": "EKS cluster security group.",
            "egress": [
              {
                "cidr_blocks": [
                  "0.0.0.0/0"
                ],
                "description": "Allow cluster egress access to the Internet.",
                "from_port": 0,
                "ipv6_cidr_blocks": [],
                "prefix_list_ids": [],
                "protocol": "-1",
                "security_groups": [],
                "self": false,
                "to_port": 0
              }
            ],
            "id": "sg-0e3987d6218838c5c",
            "ingress": [
              {
                "cidr_blocks": [],
                "description": "Allow pods to communicate with the EKS cluster API.",
                "from_port": 443,
                "ipv6_cidr_blocks": [],
                "prefix_list_ids": [],
                "protocol": "tcp",
                "security_groups": [
                  "sg-07c4bc74aa5a18f5e"
                ],
                "self": false,
                "to_port": 443
              }
            ],
            "name": "eks-kubeginners20220427091032410500000001",
            "name_prefix": "eks-kubeginners",
            "owner_id": "966185979698",
            "revoke_rules_on_delete": false,
            "tags": {
              "Name": "eks-kubeginners-eks_cluster_sg"
            },
            "tags_all": {
              "Name": "eks-kubeginners-eks_cluster_sg"
            },
            "timeouts": null,
            "vpc_id": "vpc-0f82992e109fea8f9"
          },
          "sensitive_attributes": [],
          "private": "eyJlMmJmYjczMC1lY2FhLTExZTYtOGY4OC0zNDM2M2JjN2M0YzAiOnsiY3JlYXRlIjo2MDAwMDAwMDAwMDAsImRlbGV0ZSI6OTAwMDAwMDAwMDAwfSwic2NoZW1hX3ZlcnNpb24iOiIxIn0=",
          "create_before_destroy": true
        }
      ]
    },
    {
      "module": "module.eks",
      "mode": "managed",
      "type": "aws_security_group",
      "name": "workers",
      "provider": "provider[\"registry.terraform.io/hashicorp/aws\"]",
      "instances": [
        {
          "index_key": 0,
          "schema_version": 1,
          "attributes": {
            "arn": "arn:aws:ec2:us-east-1:966185979698:security-group/sg-07c4bc74aa5a18f5e",
            "description": "Security group for all nodes in the cluster.",
            "egress": [
              {
                "cidr_blocks": [
                  "0.0.0.0/0"
                ],
                "description": "Allow nodes all egress to the Internet.",
                "from_port": 0,
                "ipv6_cidr_blocks": [],
                "prefix_list_ids": [],
                "protocol": "-1",
                "security_groups": [],
                "self": false,
                "to_port": 0
              }
            ],
            "id": "sg-07c4bc74aa5a18f5e",
            "ingress": [
              {
                "cidr_blocks": [],
                "description": "Allow node to communicate with each other.",
                "from_port": 0,
                "ipv6_cidr_blocks": [],
                "prefix_list_ids": [],
                "protocol": "-1",
                "security_groups": [],
                "self": true,
                "to_port": 0
              },
              {
                "cidr_blocks": [],
                "description": "Allow pods running extension API servers on port 443 to receive communication from cluster control plane.",
                "from_port": 443,
                "ipv6_cidr_blocks": [],
                "prefix_list_ids": [],
                "protocol": "tcp",
                "security_groups": [
                  "sg-0e3987d6218838c5c"
                ],
                "self": false,
                "to_port": 443
              },
              {
                "cidr_blocks": [],
                "description": "Allow workers pods to receive communication from the cluster control plane.",
                "from_port": 1025,
                "ipv6_cidr_blocks": [],
                "prefix_list_ids": [],
                "protocol": "tcp",
                "security_groups": [
                  "sg-0e3987d6218838c5c"
                ],
                "self": false,
                "to_port": 65535
              }
            ],
            "name": "eks-kubeginners20220427091032411200000005",
            "name_prefix": "eks-kubeginners",
            "owner_id": "966185979698",
            "revoke_rules_on_delete": false,
            "tags": {
              "Name": "eks-kubeginners-eks_worker_sg",
              "kubernetes.io/cluster/eks-kubeginners": "owned"
            },
            "tags_all": {
              "Name": "eks-kubeginners-eks_worker_sg",
              "kubernetes.io/cluster/eks-kubeginners": "owned"
            },
            "timeouts": null,
            "vpc_id": "vpc-0f82992e109fea8f9"
          },
          "sensitive_attributes": [],
          "private": "eyJlMmJmYjczMC1lY2FhLTExZTYtOGY4OC0zNDM2M2JjN2M0YzAiOnsiY3JlYXRlIjo2MDAwMDAwMDAwMDAsImRlbGV0ZSI6OTAwMDAwMDAwMDAwfSwic2NoZW1hX3ZlcnNpb24iOiIxIn0=",
          "create_before_destroy": true
        }
      ]
    },
    {
      "module": "module.eks",
      "mode": "managed",
      "type": "aws_security_group_rule",
      "name": "cluster_egress_internet",
      "provider": "provider[\"registry.terraform.io/hashicorp/aws\"]",
      "instances": [
        {
          "index_key": 0,
          "schema_version": 2,
          "attributes": {
            "cidr_blocks": [
              "0.0.0.0/0"
            ],
            "description": "Allow cluster egress access to the Internet.",
            "from_port": 0,
            "id": "sgrule-1480264716",
            "ipv6_cidr_blocks": [],
            "prefix_list_ids": [],
            "protocol": "-1",
            "security_group_id": "sg-0e3987d6218838c5c",
            "self": false,
            "source_security_group_id": null,
            "to_port": 0,
            "type": "egress"
          },
          "sensitive_attributes": [],
          "private": "eyJzY2hlbWFfdmVyc2lvbiI6IjIifQ==",
          "dependencies": [
            "module.eks.aws_security_group.cluster"
          ],
          "create_before_destroy": true
        }
      ]
    },
    {
      "module": "module.eks",
      "mode": "managed",
      "type": "aws_security_group_rule",
      "name": "cluster_https_worker_ingress",
      "provider": "provider[\"registry.terraform.io/hashicorp/aws\"]",
      "instances": [
        {
          "index_key": 0,
          "schema_version": 2,
          "attributes": {
            "cidr_blocks": [],
            "description": "Allow pods to communicate with the EKS cluster API.",
            "from_port": 443,
            "id": "sgrule-2564057088",
            "ipv6_cidr_blocks": [],
            "prefix_list_ids": [],
            "protocol": "tcp",
            "security_group_id": "sg-0e3987d6218838c5c",
            "self": false,
            "source_security_group_id": "sg-07c4bc74aa5a18f5e",
            "to_port": 443,
            "type": "ingress"
          },
          "sensitive_attributes": [],
          "private": "eyJzY2hlbWFfdmVyc2lvbiI6IjIifQ==",
          "dependencies": [
            "module.eks.aws_security_group.cluster",
            "module.eks.aws_security_group.workers"
          ],
          "create_before_destroy": true
        }
      ]
    },
    {
      "module": "module.eks",
      "mode": "managed",
      "type": "aws_security_group_rule",
      "name": "workers_egress_internet",
      "provider": "provider[\"registry.terraform.io/hashicorp/aws\"]",
      "instances": [
        {
          "index_key": 0,
          "schema_version": 2,
          "attributes": {
            "cidr_blocks": [
              "0.0.0.0/0"
            ],
            "description": "Allow nodes all egress to the Internet.",
            "from_port": 0,
            "id": "sgrule-2409793648",
            "ipv6_cidr_blocks": [],
            "prefix_list_ids": [],
            "protocol": "-1",
            "security_group_id": "sg-07c4bc74aa5a18f5e",
            "self": false,
            "source_security_group_id": null,
            "to_port": 0,
            "type": "egress"
          },
          "sensitive_attributes": [],
          "private": "eyJzY2hlbWFfdmVyc2lvbiI6IjIifQ==",
          "dependencies": [
            "module.eks.aws_security_group.workers"
          ],
          "create_before_destroy": true
        }
      ]
    },
    {
      "module": "module.eks",
      "mode": "managed",
      "type": "aws_security_group_rule",
      "name": "workers_ingress_cluster",
      "provider": "provider[\"registry.terraform.io/hashicorp/aws\"]",
      "instances": [
        {
          "index_key": 0,
          "schema_version": 2,
          "attributes": {
            "cidr_blocks": [],
            "description": "Allow workers pods to receive communication from the cluster control plane.",
            "from_port": 1025,
            "id": "sgrule-3043363125",
            "ipv6_cidr_blocks": [],
            "prefix_list_ids": [],
            "protocol": "tcp",
            "security_group_id": "sg-07c4bc74aa5a18f5e",
            "self": false,
            "source_security_group_id": "sg-0e3987d6218838c5c",
            "to_port": 65535,
            "type": "ingress"
          },
          "sensitive_attributes": [],
          "private": "eyJzY2hlbWFfdmVyc2lvbiI6IjIifQ==",
          "dependencies": [
            "module.eks.aws_security_group.cluster",
            "module.eks.aws_security_group.workers"
          ],
          "create_before_destroy": true
        }
      ]
    },
    {
      "module": "module.eks",
      "mode": "managed",
      "type": "aws_security_group_rule",
      "name": "workers_ingress_cluster_https",
      "provider": "provider[\"registry.terraform.io/hashicorp/aws\"]",
      "instances": [
        {
          "index_key": 0,
          "schema_version": 2,
          "attributes": {
            "cidr_blocks": [],
            "description": "Allow pods running extension API servers on port 443 to receive communication from cluster control plane.",
            "from_port": 443,
            "id": "sgrule-2932149260",
            "ipv6_cidr_blocks": [],
            "prefix_list_ids": [],
            "protocol": "tcp",
            "security_group_id": "sg-07c4bc74aa5a18f5e",
            "self": false,
            "source_security_group_id": "sg-0e3987d6218838c5c",
            "to_port": 443,
            "type": "ingress"
          },
          "sensitive_attributes": [],
          "private": "eyJzY2hlbWFfdmVyc2lvbiI6IjIifQ==",
          "dependencies": [
            "module.eks.aws_security_group.cluster",
            "module.eks.aws_security_group.workers"
          ],
          "create_before_destroy": true
        }
      ]
    },
    {
      "module": "module.eks",
      "mode": "managed",
      "type": "aws_security_group_rule",
      "name": "workers_ingress_self",
      "provider": "provider[\"registry.terraform.io/hashicorp/aws\"]",
      "instances": [
        {
          "index_key": 0,
          "schema_version": 2,
          "attributes": {
            "cidr_blocks": [],
            "description": "Allow node to communicate with each other.",
            "from_port": 0,
            "id": "sgrule-1546865817",
            "ipv6_cidr_blocks": [],
            "prefix_list_ids": [],
            "protocol": "-1",
            "security_group_id": "sg-07c4bc74aa5a18f5e",
            "self": false,
            "source_security_group_id": "sg-07c4bc74aa5a18f5e",
            "to_port": 0,
            "type": "ingress"
          },
          "sensitive_attributes": [],
          "private": "eyJzY2hlbWFfdmVyc2lvbiI6IjIifQ==",
          "dependencies": [
            "module.eks.aws_security_group.workers"
          ],
          "create_before_destroy": true
        }
      ]
    },
    {
      "module": "module.eks",
      "mode": "managed",
      "type": "kubernetes_config_map",
      "name": "aws_auth",
      "provider": "provider[\"registry.terraform.io/hashicorp/kubernetes\"]",
      "instances": [
        {
          "index_key": 0,
          "schema_version": 0,
          "attributes": {
            "binary_data": {},
            "data": {
              "mapAccounts": "[]\n",
              "mapRoles": "- \"groups\":\n  - \"system:bootstrappers\"\n  - \"system:nodes\"\n  \"rolearn\": \"arn:aws:iam::966185979698:role/eks-kubeginners20220428050347487800000009\"\n  \"username\": \"system:node:{{EC2PrivateDNSName}}\"\n",
              "mapUsers": "[]\n"
            },
            "id": "kube-system/aws-auth",
            "metadata": [
              {
                "annotations": {},
                "generate_name": "",
                "generation": 0,
                "labels": {
                  "app.kubernetes.io/managed-by": "Terraform",
                  "terraform.io/module": "terraform-aws-modules.eks.aws"
                },
                "name": "aws-auth",
                "namespace": "kube-system",
                "resource_version": "765",
                "uid": "d57df531-b81f-43ea-86e2-b3ea30ffc600"
              }
            ]
          },
          "sensitive_attributes": [],
          "private": "bnVsbA==",
          "dependencies": [
            "aws_security_group.kubeginners_worker_group_one_sg",
            "data.aws_eks_cluster.kubeginners_cluster",
            "data.aws_eks_cluster_auth.kubeginners_cluster_auth",
            "data.aws_subnet_ids.subnets",
            "module.eks.aws_cloudwatch_log_group.this",
            "module.eks.aws_eks_cluster.this",
            "module.eks.aws_iam_instance_profile.workers",
            "module.eks.aws_iam_instance_profile.workers_launch_template",
            "module.eks.aws_iam_role.cluster",
            "module.eks.aws_iam_role.workers",
            "module.eks.aws_iam_role_policy_attachment.cluster_AmazonEKSClusterPolicy",
            "module.eks.aws_iam_role_policy_attachment.cluster_AmazonEKSServicePolicy",
            "module.eks.aws_iam_role_policy_attachment.cluster_AmazonEKSVPCResourceControllerPolicy",
            "module.eks.aws_iam_role_policy_attachment.workers_AmazonEC2ContainerRegistryReadOnly",
            "module.eks.aws_iam_role_policy_attachment.workers_AmazonEKSWorkerNodePolicy",
            "module.eks.aws_iam_role_policy_attachment.workers_AmazonEKS_CNI_Policy",
            "module.eks.aws_security_group.cluster",
            "module.eks.aws_security_group.workers",
            "module.eks.aws_security_group_rule.cluster_egress_internet",
            "module.eks.aws_security_group_rule.cluster_https_worker_ingress",
            "module.eks.aws_security_group_rule.cluster_private_access_cidrs_source",
            "module.eks.aws_security_group_rule.cluster_private_access_sg_source",
            "module.eks.data.aws_ami.eks_worker",
            "module.eks.data.aws_ami.eks_worker_windows",
            "module.eks.data.aws_caller_identity.current",
            "module.eks.data.aws_iam_instance_profile.custom_worker_group_iam_instance_profile",
            "module.eks.data.aws_iam_instance_profile.custom_worker_group_launch_template_iam_instance_profile",
            "module.eks.data.aws_iam_policy_document.cluster_assume_role_policy",
            "module.eks.data.aws_iam_policy_document.workers_assume_role_policy",
            "module.eks.data.aws_iam_role.custom_cluster_iam_role",
            "module.eks.data.aws_partition.current",
            "module.eks.data.http.wait_for_cluster",
            "module.eks.module.fargate.aws_iam_role.eks_fargate_pod",
            "module.eks.module.fargate.data.aws_iam_policy_document.eks_fargate_pod_assume_role",
            "module.eks.module.fargate.data.aws_iam_role.custom_fargate_iam_role"
          ]
        }
      ]
    },
    {
      "module": "module.eks",
      "mode": "managed",
      "type": "local_file",
      "name": "kubeconfig",
      "provider": "provider[\"registry.terraform.io/hashicorp/local\"]",
      "instances": [
        {
          "index_key": 0,
          "schema_version": 0,
          "attributes": {
            "content": "apiVersion: v1\npreferences: {}\nkind: Config\n\nclusters:\n- cluster:\n    server: https://9246A709441193FA47A650C407B49119.gr7.us-east-1.eks.amazonaws.com\n    certificate-authority-data: LS0tLS1CRUdJTiBDRVJUSUZJQ0FURS0tLS0tCk1JSUM1ekNDQWMrZ0F3SUJBZ0lCQURBTkJna3Foa2lHOXcwQkFRc0ZBREFWTVJNd0VRWURWUVFERXdwcmRXSmwKY201bGRHVnpNQjRYRFRJeU1EUXlPREEwTlRrME9Gb1hEVE15TURReU5UQTBOVGswT0Zvd0ZURVRNQkVHQTFVRQpBeE1LYTNWaVpYSnVaWFJsY3pDQ0FTSXdEUVlKS29aSWh2Y05BUUVCQlFBRGdnRVBBRENDQVFvQ2dnRUJBTFpnCkJuemo1TjZWSWE2MWNBc0doSVRXRVVRL0Jsb3hSelRvTlJic3JiVmVGUitLenk0UXBhSlN2MFNDTmFmSmw4ejIKVURWSzUyemdvWDI4VUNJY3lWOGdZeGhPd0U5TDU5TzJCWndSRXh2RmpIZGdxOFJMM0V1eGNpNUU1MEtEL3pqRQpzWS9NYVA4bXJEY0kwbDZKU0tMS3RCQXBJNHkxcmFhaGhuZDRmaEtzdFlueFozWjdKRFlDdU1FQ3ZvZWRKQTBaCmozbmlvTjdtSVcydWhKSWtwVUFZWWViMTJSQTRURVZTMzgzRlhpUitwWFY1NjFjTVNScUVpTjdWVmlueFVCdGYKakNqZlpUU200TjlBSXZId0RGZjhWQ0I2V1g5YXFlL0pXcll5MU0xQ2UvTHAzWEdWanpEb2hMeVNNeVpLV2syNApGQ0x3SGJvZVBjQndsUEM2T1cwQ0F3RUFBYU5DTUVBd0RnWURWUjBQQVFIL0JBUURBZ0trTUE4R0ExVWRFd0VCCi93UUZNQU1CQWY4d0hRWURWUjBPQkJZRUZIVGRVVThMcDh4eTBtTWlGRlhtWmhyYWt0WlpNQTBHQ1NxR1NJYjMKRFFFQkN3VUFBNElCQVFBRDlFc2NUMWpOWGp6TTY4bHI3ZkVEUFNOcnBQaTdUdy91M24ydC9XYVpMMFEydHZTMQpTZHZMcWZoUHovNHgvR0JaTHJ0cHltZWVtSVl3Q3VVUmE2eTRNY1JudGxabWdTTWNNRS9Ubk52aGxlQ2MwRGM5CmJLc05xUWJEQ3hMZFdpcGh0bWM1MGFPZjI0S3lZR1A1bmNFOE1wMmQzYzdMRkJRRysvMFRsWmFndGxBUk5kUEEKWlVqZzR3cVhIT1pEMTV4TjAxYUpNOHpZdmNqWmtXVGhQOFQ1UVEwMVNkUmNPeXNYUnBkcjY3QUxBQnhkNFNoZApJMUZFMy9nN002dkpOczdCKzRIZERwcEhGQWV1RFFmcHFCMG9MSTBpM0FVMUdzemlZRUQyeXdsZ2ZFa0tNS1llCmdhdGZOb3Vqbkl1YXpUUkQ4YS80UHBnK0U1dzhVOUVLUkRXdAotLS0tLUVORCBDRVJUSUZJQ0FURS0tLS0tCg==\n  name: eks_eks-kubeginners\n\ncontexts:\n- context:\n    cluster: eks_eks-kubeginners\n    user: eks_eks-kubeginners\n  name: eks_eks-kubeginners\n\ncurrent-context: eks_eks-kubeginners\n\nusers:\n- name: eks_eks-kubeginners\n  user:\n    exec:\n      apiVersion: client.authentication.k8s.io/v1alpha1\n      command: aws-iam-authenticator\n      args:\n        - \"token\"\n        - \"-i\"\n        - \"eks-kubeginners\"\n",
            "content_base64": null,
            "directory_permission": "0755",
            "file_permission": "0600",
            "filename": "./kubeconfig_eks-kubeginners",
            "id": "f88e3704284d2d0dc800e4427f06985429b75dda",
            "sensitive_content": null,
            "source": null
          },
          "sensitive_attributes": [],
          "private": "bnVsbA==",
          "dependencies": [
            "data.aws_subnet_ids.subnets",
            "module.eks.aws_cloudwatch_log_group.this",
            "module.eks.aws_eks_cluster.this",
            "module.eks.aws_iam_role.cluster",
            "module.eks.aws_iam_role_policy_attachment.cluster_AmazonEKSClusterPolicy",
            "module.eks.aws_iam_role_policy_attachment.cluster_AmazonEKSServicePolicy",
            "module.eks.aws_iam_role_policy_attachment.cluster_AmazonEKSVPCResourceControllerPolicy",
            "module.eks.aws_security_group.cluster",
            "module.eks.aws_security_group.workers",
            "module.eks.aws_security_group_rule.cluster_egress_internet",
            "module.eks.aws_security_group_rule.cluster_https_worker_ingress",
            "module.eks.data.aws_iam_policy_document.cluster_assume_role_policy",
            "module.eks.data.aws_iam_role.custom_cluster_iam_role",
            "module.eks.data.aws_partition.current"
          ]
        }
      ]
    },
    {
      "module": "module.eks.module.fargate",
      "mode": "data",
      "type": "aws_partition",
      "name": "current",
      "provider": "provider[\"registry.terraform.io/hashicorp/aws\"]",
      "instances": [
        {
          "schema_version": 0,
          "attributes": {
            "dns_suffix": "amazonaws.com",
            "id": "aws",
            "partition": "aws",
            "reverse_dns_prefix": "com.amazonaws"
          },
          "sensitive_attributes": []
        }
      ]
    }
  ]
}
